// !$*UTF8*$!
{
	archiveVersion = 1;
	classes = {
	};
	objectVersion = 46;
	objects = {

/* Begin PBXAggregateTarget section */
		FCA5C6CE195BAA21004697BB /* SDKTarget */ = {
			isa = PBXAggregateTarget;
			buildConfigurationList = FCA5C6CF195BAA21004697BB /* Build configuration list for PBXAggregateTarget "SDKTarget" */;
			buildPhases = (
				FCA5C6D2195BAA27004697BB /* ShellScript */,
			);
			dependencies = (
			);
			name = SDKTarget;
			productName = SDKTarget;
		};
/* End PBXAggregateTarget section */

/* Begin PBXBuildFile section */
		FC12AB2A1961F8870043A1C2 /* JSONModel+CoreData.m in Sources */ = {isa = PBXBuildFile; fileRef = FC12AB181961F8870043A1C2 /* JSONModel+CoreData.m */; };
		FC12AB2B1961F8870043A1C2 /* JSONModel+CoreData.m in Sources */ = {isa = PBXBuildFile; fileRef = FC12AB181961F8870043A1C2 /* JSONModel+CoreData.m */; };
		FC12AB2C1961F8870043A1C2 /* JSONModel.m in Sources */ = {isa = PBXBuildFile; fileRef = FC12AB1A1961F8870043A1C2 /* JSONModel.m */; };
		FC12AB2D1961F8870043A1C2 /* JSONModel.m in Sources */ = {isa = PBXBuildFile; fileRef = FC12AB1A1961F8870043A1C2 /* JSONModel.m */; };
		FC12AB2E1961F8870043A1C2 /* JSONModelArray.m in Sources */ = {isa = PBXBuildFile; fileRef = FC12AB1C1961F8870043A1C2 /* JSONModelArray.m */; };
		FC12AB2F1961F8870043A1C2 /* JSONModelArray.m in Sources */ = {isa = PBXBuildFile; fileRef = FC12AB1C1961F8870043A1C2 /* JSONModelArray.m */; };
		FC12AB301961F8870043A1C2 /* JSONModelClassProperty.m in Sources */ = {isa = PBXBuildFile; fileRef = FC12AB1E1961F8870043A1C2 /* JSONModelClassProperty.m */; };
		FC12AB311961F8870043A1C2 /* JSONModelClassProperty.m in Sources */ = {isa = PBXBuildFile; fileRef = FC12AB1E1961F8870043A1C2 /* JSONModelClassProperty.m */; };
		FC12AB321961F8870043A1C2 /* JSONModelError.m in Sources */ = {isa = PBXBuildFile; fileRef = FC12AB201961F8870043A1C2 /* JSONModelError.m */; };
		FC12AB331961F8870043A1C2 /* JSONModelError.m in Sources */ = {isa = PBXBuildFile; fileRef = FC12AB201961F8870043A1C2 /* JSONModelError.m */; };
		FC12AB341961F8870043A1C2 /* NSArray+JSONModel.m in Sources */ = {isa = PBXBuildFile; fileRef = FC12AB231961F8870043A1C2 /* NSArray+JSONModel.m */; };
		FC12AB351961F8870043A1C2 /* NSArray+JSONModel.m in Sources */ = {isa = PBXBuildFile; fileRef = FC12AB231961F8870043A1C2 /* NSArray+JSONModel.m */; };
		FC12AB361961F8870043A1C2 /* JSONKeyMapper.m in Sources */ = {isa = PBXBuildFile; fileRef = FC12AB271961F8870043A1C2 /* JSONKeyMapper.m */; };
		FC12AB371961F8870043A1C2 /* JSONKeyMapper.m in Sources */ = {isa = PBXBuildFile; fileRef = FC12AB271961F8870043A1C2 /* JSONKeyMapper.m */; };
		FC12AB381961F8870043A1C2 /* JSONValueTransformer.m in Sources */ = {isa = PBXBuildFile; fileRef = FC12AB291961F8870043A1C2 /* JSONValueTransformer.m */; };
		FC12AB391961F8870043A1C2 /* JSONValueTransformer.m in Sources */ = {isa = PBXBuildFile; fileRef = FC12AB291961F8870043A1C2 /* JSONValueTransformer.m */; };
		FC12AB3C1961F8B10043A1C2 /* SharedData.m in Sources */ = {isa = PBXBuildFile; fileRef = FC12AB3B1961F8B10043A1C2 /* SharedData.m */; };
		FC12AB3D1961F8B10043A1C2 /* SharedData.m in Sources */ = {isa = PBXBuildFile; fileRef = FC12AB3B1961F8B10043A1C2 /* SharedData.m */; };
		FC12AB491961F9830043A1C2 /* User.m in Sources */ = {isa = PBXBuildFile; fileRef = FC12AB441961F9830043A1C2 /* User.m */; };
		FC12AB4A1961F9830043A1C2 /* User.m in Sources */ = {isa = PBXBuildFile; fileRef = FC12AB441961F9830043A1C2 /* User.m */; };
		FC12AB591961F9C70043A1C2 /* ClientDELETE.m in Sources */ = {isa = PBXBuildFile; fileRef = FC12AB501961F9C70043A1C2 /* ClientDELETE.m */; };
		FC12AB5A1961F9C70043A1C2 /* ClientDELETE.m in Sources */ = {isa = PBXBuildFile; fileRef = FC12AB501961F9C70043A1C2 /* ClientDELETE.m */; };
		FC12AB5B1961F9C70043A1C2 /* ClientGET.m in Sources */ = {isa = PBXBuildFile; fileRef = FC12AB521961F9C70043A1C2 /* ClientGET.m */; };
		FC12AB5C1961F9C70043A1C2 /* ClientGET.m in Sources */ = {isa = PBXBuildFile; fileRef = FC12AB521961F9C70043A1C2 /* ClientGET.m */; };
		FC12AB5D1961F9C70043A1C2 /* ClientPOST.m in Sources */ = {isa = PBXBuildFile; fileRef = FC12AB541961F9C70043A1C2 /* ClientPOST.m */; };
		FC12AB5E1961F9C70043A1C2 /* ClientPOST.m in Sources */ = {isa = PBXBuildFile; fileRef = FC12AB541961F9C70043A1C2 /* ClientPOST.m */; };
		FC12AB5F1961F9C70043A1C2 /* ClientPUT.m in Sources */ = {isa = PBXBuildFile; fileRef = FC12AB561961F9C70043A1C2 /* ClientPUT.m */; };
		FC12AB601961F9C70043A1C2 /* ClientPUT.m in Sources */ = {isa = PBXBuildFile; fileRef = FC12AB561961F9C70043A1C2 /* ClientPUT.m */; };
		FC12AB611961F9C70043A1C2 /* Response.m in Sources */ = {isa = PBXBuildFile; fileRef = FC12AB581961F9C70043A1C2 /* Response.m */; };
		FC12AB621961F9C70043A1C2 /* Response.m in Sources */ = {isa = PBXBuildFile; fileRef = FC12AB581961F9C70043A1C2 /* Response.m */; };
		FC12AB6D1961FA460043A1C2 /* UserResource.m in Sources */ = {isa = PBXBuildFile; fileRef = FC12AB681961FA460043A1C2 /* UserResource.m */; };
		FC12AB6E1961FA460043A1C2 /* UserResource.m in Sources */ = {isa = PBXBuildFile; fileRef = FC12AB681961FA460043A1C2 /* UserResource.m */; };
		FC12AB6F1961FA460043A1C2 /* UserResourceSearch.m in Sources */ = {isa = PBXBuildFile; fileRef = FC12AB6A1961FA460043A1C2 /* UserResourceSearch.m */; };
		FC12AB701961FA460043A1C2 /* UserResourceSearch.m in Sources */ = {isa = PBXBuildFile; fileRef = FC12AB6A1961FA460043A1C2 /* UserResourceSearch.m */; };
		FC12AB711961FA460043A1C2 /* UserResourceServices.m in Sources */ = {isa = PBXBuildFile; fileRef = FC12AB6C1961FA460043A1C2 /* UserResourceServices.m */; };
		FC12AB721961FA460043A1C2 /* UserResourceServices.m in Sources */ = {isa = PBXBuildFile; fileRef = FC12AB6C1961FA460043A1C2 /* UserResourceServices.m */; };
		FC2A6AC3196603D100B0AD28 /* Profile.m in Sources */ = {isa = PBXBuildFile; fileRef = FC2A6AC2196603D100B0AD28 /* Profile.m */; };
		FC2A6AC4196603D100B0AD28 /* Profile.m in Sources */ = {isa = PBXBuildFile; fileRef = FC2A6AC2196603D100B0AD28 /* Profile.m */; };
		FC2A6AD5196615D600B0AD28 /* Branches.m in Sources */ = {isa = PBXBuildFile; fileRef = FC2A6AD4196615D600B0AD28 /* Branches.m */; };
		FC2A6AD6196615D600B0AD28 /* Branches.m in Sources */ = {isa = PBXBuildFile; fileRef = FC2A6AD4196615D600B0AD28 /* Branches.m */; };
		FC2A6ADA1966171E00B0AD28 /* Parent.m in Sources */ = {isa = PBXBuildFile; fileRef = FC2A6AD91966171E00B0AD28 /* Parent.m */; };
		FC2A6ADB1966171E00B0AD28 /* Parent.m in Sources */ = {isa = PBXBuildFile; fileRef = FC2A6AD91966171E00B0AD28 /* Parent.m */; };
		FC2A6ADF19661B1400B0AD28 /* General.m in Sources */ = {isa = PBXBuildFile; fileRef = FC2A6ADE19661B1400B0AD28 /* General.m */; };
		FC2A6AE019661B1400B0AD28 /* General.m in Sources */ = {isa = PBXBuildFile; fileRef = FC2A6ADE19661B1400B0AD28 /* General.m */; };
		FC33D651197EB64D00AF402E /* UserGetParametersResponse.m in Sources */ = {isa = PBXBuildFile; fileRef = FC33D650197EB64D00AF402E /* UserGetParametersResponse.m */; };
		FC33D654197EB70200AF402E /* UserUpdateParameters.m in Sources */ = {isa = PBXBuildFile; fileRef = FC33D653197EB70200AF402E /* UserUpdateParameters.m */; };
		FC33D657197EB75A00AF402E /* UserCreateParametersResponse.m in Sources */ = {isa = PBXBuildFile; fileRef = FC33D656197EB75A00AF402E /* UserCreateParametersResponse.m */; };
		FC33D65A197EBB0E00AF402E /* Login.m in Sources */ = {isa = PBXBuildFile; fileRef = FC33D659197EBB0E00AF402E /* Login.m */; };
		FC33D664197EEAEE00AF402E /* File.m in Sources */ = {isa = PBXBuildFile; fileRef = FC33D663197EEAEE00AF402E /* File.m */; };
		FC33D667197EEB4700AF402E /* MobileSend.m in Sources */ = {isa = PBXBuildFile; fileRef = FC33D666197EEB4700AF402E /* MobileSend.m */; };
		FC33D66A197EEC1F00AF402E /* MobileRegister.m in Sources */ = {isa = PBXBuildFile; fileRef = FC33D669197EEC1F00AF402E /* MobileRegister.m */; };
		FC33D66D197EEC8600AF402E /* Group.m in Sources */ = {isa = PBXBuildFile; fileRef = FC33D66C197EEC8600AF402E /* Group.m */; };
		FC33D670197EECC600AF402E /* Catalog.m in Sources */ = {isa = PBXBuildFile; fileRef = FC33D66F197EECC600AF402E /* Catalog.m */; };
		FC33D673197EED2E00AF402E /* HoverBox.m in Sources */ = {isa = PBXBuildFile; fileRef = FC33D672197EED2E00AF402E /* HoverBox.m */; };
		FC33D676197EEDC400AF402E /* Notification.m in Sources */ = {isa = PBXBuildFile; fileRef = FC33D675197EEDC400AF402E /* Notification.m */; };
		FC33D679197EEE4800AF402E /* NotificationParametersResponse.m in Sources */ = {isa = PBXBuildFile; fileRef = FC33D678197EEE4800AF402E /* NotificationParametersResponse.m */; };
		FC33D67C197EEE9800AF402E /* NFC.m in Sources */ = {isa = PBXBuildFile; fileRef = FC33D67B197EEE9800AF402E /* NFC.m */; };
		FC33D67F197EEECD00AF402E /* PhoneExtension.m in Sources */ = {isa = PBXBuildFile; fileRef = FC33D67E197EEECD00AF402E /* PhoneExtension.m */; };
		FC3EF75C196AF57F006F136A /* FingerprintResources.m in Sources */ = {isa = PBXBuildFile; fileRef = FC3EF75B196AF57F006F136A /* FingerprintResources.m */; };
		FC3EF75D196AF57F006F136A /* FingerprintResources.m in Sources */ = {isa = PBXBuildFile; fileRef = FC3EF75B196AF57F006F136A /* FingerprintResources.m */; };
		FC3EF761196B08CA006F136A /* UserFile.m in Sources */ = {isa = PBXBuildFile; fileRef = FC3EF760196B08CA006F136A /* UserFile.m */; };
		FC3EF762196B08CA006F136A /* UserFile.m in Sources */ = {isa = PBXBuildFile; fileRef = FC3EF760196B08CA006F136A /* UserFile.m */; };
		FC3EF76B196B2C6C006F136A /* NotificationsResources.m in Sources */ = {isa = PBXBuildFile; fileRef = FC3EF76A196B2C6C006F136A /* NotificationsResources.m */; };
		FC3EF76C196B2C6C006F136A /* NotificationsResources.m in Sources */ = {isa = PBXBuildFile; fileRef = FC3EF76A196B2C6C006F136A /* NotificationsResources.m */; };
		FC3EF771196B40E9006F136A /* AvailabilityResources.m in Sources */ = {isa = PBXBuildFile; fileRef = FC3EF770196B40E9006F136A /* AvailabilityResources.m */; };
		FC3EF772196B40E9006F136A /* AvailabilityResources.m in Sources */ = {isa = PBXBuildFile; fileRef = FC3EF770196B40E9006F136A /* AvailabilityResources.m */; };
		FC3EF776196B4CF4006F136A /* HoverBoxResources.m in Sources */ = {isa = PBXBuildFile; fileRef = FC3EF775196B4CF4006F136A /* HoverBoxResources.m */; };
		FC3EF777196B4CF4006F136A /* HoverBoxResources.m in Sources */ = {isa = PBXBuildFile; fileRef = FC3EF775196B4CF4006F136A /* HoverBoxResources.m */; };
		FC43A45D196DD89C00E16FC7 /* CatalogsResources.m in Sources */ = {isa = PBXBuildFile; fileRef = FC43A45C196DD89C00E16FC7 /* CatalogsResources.m */; };
		FC43A461196DDF6E00E16FC7 /* GroupsResources.m in Sources */ = {isa = PBXBuildFile; fileRef = FC43A460196DDF6E00E16FC7 /* GroupsResources.m */; };
		FC43A462196DDF6E00E16FC7 /* GroupsResources.m in Sources */ = {isa = PBXBuildFile; fileRef = FC43A460196DDF6E00E16FC7 /* GroupsResources.m */; };
		FC43A46B196DE90F00E16FC7 /* ProfileResources.m in Sources */ = {isa = PBXBuildFile; fileRef = FC43A46A196DE90F00E16FC7 /* ProfileResources.m */; };
		FC43A46C196DE90F00E16FC7 /* ProfileResources.m in Sources */ = {isa = PBXBuildFile; fileRef = FC43A46A196DE90F00E16FC7 /* ProfileResources.m */; };
		FC43A475196DF10C00E16FC7 /* MobileSendResources.m in Sources */ = {isa = PBXBuildFile; fileRef = FC43A474196DF10C00E16FC7 /* MobileSendResources.m */; };
		FC43A476196DF10C00E16FC7 /* MobileSendResources.m in Sources */ = {isa = PBXBuildFile; fileRef = FC43A474196DF10C00E16FC7 /* MobileSendResources.m */; };
		FC43A479196DF38E00E16FC7 /* LoginResponseParameters.m in Sources */ = {isa = PBXBuildFile; fileRef = FC43A478196DF38E00E16FC7 /* LoginResponseParameters.m */; };
		FC43A47A196DF38E00E16FC7 /* LoginResponseParameters.m in Sources */ = {isa = PBXBuildFile; fileRef = FC43A478196DF38E00E16FC7 /* LoginResponseParameters.m */; };
		FC43A47D196E007E00E16FC7 /* UserGetParameters.m in Sources */ = {isa = PBXBuildFile; fileRef = FC43A47C196E007E00E16FC7 /* UserGetParameters.m */; };
		FC43A47E196E007E00E16FC7 /* UserGetParameters.m in Sources */ = {isa = PBXBuildFile; fileRef = FC43A47C196E007E00E16FC7 /* UserGetParameters.m */; };
		FC43A482196E059400E16FC7 /* PhaseEditedParameters.m in Sources */ = {isa = PBXBuildFile; fileRef = FC43A481196E059400E16FC7 /* PhaseEditedParameters.m */; };
		FC43A483196E059400E16FC7 /* PhaseEditedParameters.m in Sources */ = {isa = PBXBuildFile; fileRef = FC43A481196E059400E16FC7 /* PhaseEditedParameters.m */; };
		FC484FA81989ABAA006445AD /* RetailResource.m in Sources */ = {isa = PBXBuildFile; fileRef = FC484FA71989ABAA006445AD /* RetailResource.m */; };
		FC484FA91989ABAA006445AD /* RetailResource.m in Sources */ = {isa = PBXBuildFile; fileRef = FC484FA71989ABAA006445AD /* RetailResource.m */; };
		FC484FAD1989AEC1006445AD /* RetailParametersResponse.m in Sources */ = {isa = PBXBuildFile; fileRef = FC484FAC1989AEC1006445AD /* RetailParametersResponse.m */; };
		FC484FAE1989AEC1006445AD /* RetailParametersResponse.m in Sources */ = {isa = PBXBuildFile; fileRef = FC484FAC1989AEC1006445AD /* RetailParametersResponse.m */; };
		FC484FB11989B0D8006445AD /* RetailParametersResponse.h in CopyFiles */ = {isa = PBXBuildFile; fileRef = FC484FAB1989AEC1006445AD /* RetailParametersResponse.h */; };
		FC484FB21989B0D8006445AD /* RetailResource.h in CopyFiles */ = {isa = PBXBuildFile; fileRef = FC484FA61989ABAA006445AD /* RetailResource.h */; };
		FC55A6471964ADC500E25CE6 /* LoginChangePasswordParameters.m in Sources */ = {isa = PBXBuildFile; fileRef = FC55A6421964ADC500E25CE6 /* LoginChangePasswordParameters.m */; };
		FC55A6481964ADC500E25CE6 /* LoginChangePasswordParameters.m in Sources */ = {isa = PBXBuildFile; fileRef = FC55A6421964ADC500E25CE6 /* LoginChangePasswordParameters.m */; };
		FC55A6491964ADC500E25CE6 /* LoginResetParameters.m in Sources */ = {isa = PBXBuildFile; fileRef = FC55A6441964ADC500E25CE6 /* LoginResetParameters.m */; };
		FC55A64A1964ADC500E25CE6 /* LoginResetParameters.m in Sources */ = {isa = PBXBuildFile; fileRef = FC55A6441964ADC500E25CE6 /* LoginResetParameters.m */; };
		FC6656AF197EF01A00FE4C1B /* Merge.m in Sources */ = {isa = PBXBuildFile; fileRef = FC6656AE197EF01A00FE4C1B /* Merge.m */; };
		FC6656B2197EF04D00FE4C1B /* MergeParametersResponse.m in Sources */ = {isa = PBXBuildFile; fileRef = FC6656B1197EF04D00FE4C1B /* MergeParametersResponse.m */; };
		FC6656B5197EF0B800FE4C1B /* UserSearch.m in Sources */ = {isa = PBXBuildFile; fileRef = FC6656B4197EF0B800FE4C1B /* UserSearch.m */; };
		FC6656B8197EF12300FE4C1B /* UserService.m in Sources */ = {isa = PBXBuildFile; fileRef = FC6656B7197EF12300FE4C1B /* UserService.m */; };
		FC6656B9197EF36500FE4C1B /* JSONModel+CoreData.h in CopyFiles */ = {isa = PBXBuildFile; fileRef = FC12AB171961F8870043A1C2 /* JSONModel+CoreData.h */; };
		FC6656BA197EF36500FE4C1B /* JSONModel.h in CopyFiles */ = {isa = PBXBuildFile; fileRef = FC12AB191961F8870043A1C2 /* JSONModel.h */; };
		FC6656BB197EF36500FE4C1B /* JSONModelArray.h in CopyFiles */ = {isa = PBXBuildFile; fileRef = FC12AB1B1961F8870043A1C2 /* JSONModelArray.h */; };
		FC6656BC197EF36500FE4C1B /* JSONModelClassProperty.h in CopyFiles */ = {isa = PBXBuildFile; fileRef = FC12AB1D1961F8870043A1C2 /* JSONModelClassProperty.h */; };
		FC6656BD197EF36500FE4C1B /* JSONModelError.h in CopyFiles */ = {isa = PBXBuildFile; fileRef = FC12AB1F1961F8870043A1C2 /* JSONModelError.h */; };
		FC6656BE197EF36500FE4C1B /* NSArray+JSONModel.h in CopyFiles */ = {isa = PBXBuildFile; fileRef = FC12AB221961F8870043A1C2 /* NSArray+JSONModel.h */; };
		FC6656BF197EF36500FE4C1B /* JSONModelLib.h in CopyFiles */ = {isa = PBXBuildFile; fileRef = FC12AB241961F8870043A1C2 /* JSONModelLib.h */; };
		FC6656C0197EF36500FE4C1B /* JSONKeyMapper.h in CopyFiles */ = {isa = PBXBuildFile; fileRef = FC12AB261961F8870043A1C2 /* JSONKeyMapper.h */; };
		FC6656C1197EF36500FE4C1B /* JSONValueTransformer.h in CopyFiles */ = {isa = PBXBuildFile; fileRef = FC12AB281961F8870043A1C2 /* JSONValueTransformer.h */; };
		FC6656C2197EF36500FE4C1B /* SharedData.h in CopyFiles */ = {isa = PBXBuildFile; fileRef = FC12AB3A1961F8B10043A1C2 /* SharedData.h */; };
		FC6656C3197EF36500FE4C1B /* File.h in CopyFiles */ = {isa = PBXBuildFile; fileRef = FC33D662197EEAEE00AF402E /* File.h */; };
		FC6656C4197EF36500FE4C1B /* PhaseEditedParameters.h in CopyFiles */ = {isa = PBXBuildFile; fileRef = FC43A480196E059400E16FC7 /* PhaseEditedParameters.h */; };
		FC6656C5197EF36500FE4C1B /* MobileSend.h in CopyFiles */ = {isa = PBXBuildFile; fileRef = FC33D665197EEB4700AF402E /* MobileSend.h */; };
		FC6656C6197EF36500FE4C1B /* MobileRegister.h in CopyFiles */ = {isa = PBXBuildFile; fileRef = FC33D668197EEC1F00AF402E /* MobileRegister.h */; };
		FC6656C7197EF36500FE4C1B /* Group.h in CopyFiles */ = {isa = PBXBuildFile; fileRef = FC33D66B197EEC8600AF402E /* Group.h */; };
		FC6656C8197EF36500FE4C1B /* Catalog.h in CopyFiles */ = {isa = PBXBuildFile; fileRef = FC33D66E197EECC600AF402E /* Catalog.h */; };
		FC6656C9197EF36500FE4C1B /* HoverBox.h in CopyFiles */ = {isa = PBXBuildFile; fileRef = FC33D671197EED2E00AF402E /* HoverBox.h */; };
		FC6656CA197EF36500FE4C1B /* Notification.h in CopyFiles */ = {isa = PBXBuildFile; fileRef = FC33D674197EEDC400AF402E /* Notification.h */; };
		FC6656CB197EF36500FE4C1B /* NotificationParametersResponse.h in CopyFiles */ = {isa = PBXBuildFile; fileRef = FC33D677197EEE4800AF402E /* NotificationParametersResponse.h */; };
		FC6656CC197EF36500FE4C1B /* NFC.h in CopyFiles */ = {isa = PBXBuildFile; fileRef = FC33D67A197EEE9800AF402E /* NFC.h */; };
		FC6656CD197EF36500FE4C1B /* PhoneExtension.h in CopyFiles */ = {isa = PBXBuildFile; fileRef = FC33D67D197EEECD00AF402E /* PhoneExtension.h */; };
		FC6656CE197EF36500FE4C1B /* Merge.h in CopyFiles */ = {isa = PBXBuildFile; fileRef = FC6656AD197EF01A00FE4C1B /* Merge.h */; };
		FC6656CF197EF36500FE4C1B /* MergeParametersResponse.h in CopyFiles */ = {isa = PBXBuildFile; fileRef = FC6656B0197EF04D00FE4C1B /* MergeParametersResponse.h */; };
		FC6656D0197EF36500FE4C1B /* General.h in CopyFiles */ = {isa = PBXBuildFile; fileRef = FC2A6ADD19661B1400B0AD28 /* General.h */; };
		FC6656D1197EF36500FE4C1B /* Parent.h in CopyFiles */ = {isa = PBXBuildFile; fileRef = FC2A6AD81966171E00B0AD28 /* Parent.h */; };
		FC6656D2197EF36500FE4C1B /* Branches.h in CopyFiles */ = {isa = PBXBuildFile; fileRef = FC2A6AD3196615D600B0AD28 /* Branches.h */; };
		FC6656D3197EF36500FE4C1B /* Profile.h in CopyFiles */ = {isa = PBXBuildFile; fileRef = FC2A6AC1196603D100B0AD28 /* Profile.h */; };
		FC6656D4197EF36500FE4C1B /* Login.h in CopyFiles */ = {isa = PBXBuildFile; fileRef = FC33D658197EBB0E00AF402E /* Login.h */; };
		FC6656D6197EF36500FE4C1B /* LoginResetParameters.h in CopyFiles */ = {isa = PBXBuildFile; fileRef = FC55A6431964ADC500E25CE6 /* LoginResetParameters.h */; };
		FC6656D7197EF36500FE4C1B /* LoginChangePasswordParameters.h in CopyFiles */ = {isa = PBXBuildFile; fileRef = FC55A6411964ADC500E25CE6 /* LoginChangePasswordParameters.h */; };
		FC6656D8197EF36500FE4C1B /* LoginResponseParameters.h in CopyFiles */ = {isa = PBXBuildFile; fileRef = FC43A477196DF38E00E16FC7 /* LoginResponseParameters.h */; };
		FC6656D9197EF36500FE4C1B /* User.h in CopyFiles */ = {isa = PBXBuildFile; fileRef = FC12AB431961F9830043A1C2 /* User.h */; };
		FC6656DA197EF36500FE4C1B /* UserSearch.h in CopyFiles */ = {isa = PBXBuildFile; fileRef = FC6656B3197EF0B800FE4C1B /* UserSearch.h */; };
		FC6656DB197EF36500FE4C1B /* UserSearchParametersResponse.h in CopyFiles */ = {isa = PBXBuildFile; fileRef = FC70944D197DE6E000C813E8 /* UserSearchParametersResponse.h */; };
		FC6656DC197EF36500FE4C1B /* UserService.h in CopyFiles */ = {isa = PBXBuildFile; fileRef = FC6656B6197EF12300FE4C1B /* UserService.h */; };
		FC6656DD197EF36500FE4C1B /* UserGetParameters.h in CopyFiles */ = {isa = PBXBuildFile; fileRef = FC43A47B196E007E00E16FC7 /* UserGetParameters.h */; };
		FC6656DE197EF36500FE4C1B /* UserGetParametersResponse.h in CopyFiles */ = {isa = PBXBuildFile; fileRef = FC33D64F197EB64D00AF402E /* UserGetParametersResponse.h */; };
		FC6656DF197EF36500FE4C1B /* UserUpdateParameters.h in CopyFiles */ = {isa = PBXBuildFile; fileRef = FC33D652197EB70200AF402E /* UserUpdateParameters.h */; };
		FC6656E0197EF36500FE4C1B /* UserCreateParametersResponse.h in CopyFiles */ = {isa = PBXBuildFile; fileRef = FC33D655197EB75A00AF402E /* UserCreateParametersResponse.h */; };
		FC6656E1197EF36500FE4C1B /* ClientDELETE.h in CopyFiles */ = {isa = PBXBuildFile; fileRef = FC12AB4F1961F9C70043A1C2 /* ClientDELETE.h */; };
		FC6656E2197EF36500FE4C1B /* ClientGET.h in CopyFiles */ = {isa = PBXBuildFile; fileRef = FC12AB511961F9C70043A1C2 /* ClientGET.h */; };
		FC6656E3197EF36500FE4C1B /* ClientPOST.h in CopyFiles */ = {isa = PBXBuildFile; fileRef = FC12AB531961F9C70043A1C2 /* ClientPOST.h */; };
		FC6656E4197EF36500FE4C1B /* ClientPUT.h in CopyFiles */ = {isa = PBXBuildFile; fileRef = FC12AB551961F9C70043A1C2 /* ClientPUT.h */; };
		FC6656E5197EF36500FE4C1B /* Response.h in CopyFiles */ = {isa = PBXBuildFile; fileRef = FC12AB571961F9C70043A1C2 /* Response.h */; };
		FC6656E6197EF36500FE4C1B /* MobileRegisterResources.h in CopyFiles */ = {isa = PBXBuildFile; fileRef = FCBCC65919708B6900E52145 /* MobileRegisterResources.h */; };
		FC6656E7197EF36500FE4C1B /* MobileSendResources.h in CopyFiles */ = {isa = PBXBuildFile; fileRef = FC43A473196DF10C00E16FC7 /* MobileSendResources.h */; };
		FC6656E8197EF36500FE4C1B /* ProfileResources.h in CopyFiles */ = {isa = PBXBuildFile; fileRef = FC43A469196DE90F00E16FC7 /* ProfileResources.h */; };
		FC6656E9197EF36500FE4C1B /* GroupsResources.h in CopyFiles */ = {isa = PBXBuildFile; fileRef = FC43A45F196DDF6E00E16FC7 /* GroupsResources.h */; };
		FC6656EA197EF36500FE4C1B /* CatalogsResources.h in CopyFiles */ = {isa = PBXBuildFile; fileRef = FC43A45B196DD89C00E16FC7 /* CatalogsResources.h */; };
		FC6656EB197EF36500FE4C1B /* HoverBoxResources.h in CopyFiles */ = {isa = PBXBuildFile; fileRef = FC3EF774196B4CF4006F136A /* HoverBoxResources.h */; };
		FC6656EC197EF36500FE4C1B /* AvailabilityResources.h in CopyFiles */ = {isa = PBXBuildFile; fileRef = FC3EF76F196B40E9006F136A /* AvailabilityResources.h */; };
		FC6656ED197EF36500FE4C1B /* NotificationsResources.h in CopyFiles */ = {isa = PBXBuildFile; fileRef = FC3EF769196B2C6C006F136A /* NotificationsResources.h */; };
		FC6656EE197EF36500FE4C1B /* UserFile.h in CopyFiles */ = {isa = PBXBuildFile; fileRef = FC3EF75F196B08CA006F136A /* UserFile.h */; };
		FC6656EF197EF36500FE4C1B /* FingerprintResources.h in CopyFiles */ = {isa = PBXBuildFile; fileRef = FC3EF75A196AF57F006F136A /* FingerprintResources.h */; };
		FC6656F0197EF36500FE4C1B /* NFCResources.h in CopyFiles */ = {isa = PBXBuildFile; fileRef = FCCF7D511967795900D933E9 /* NFCResources.h */; };
		FC6656F1197EF36500FE4C1B /* UserTagsResource.h in CopyFiles */ = {isa = PBXBuildFile; fileRef = FCCF7D4719676EDA00D933E9 /* UserTagsResource.h */; };
		FC6656F2197EF36500FE4C1B /* UserColorResource.h in CopyFiles */ = {isa = PBXBuildFile; fileRef = FCCF7D4219676CB600D933E9 /* UserColorResource.h */; };
		FC6656F3197EF36500FE4C1B /* UserPhoneExtensionResources.h in CopyFiles */ = {isa = PBXBuildFile; fileRef = FCCF7D3D196767FB00D933E9 /* UserPhoneExtensionResources.h */; };
		FC6656F4197EF36500FE4C1B /* UserMergeResources.h in CopyFiles */ = {isa = PBXBuildFile; fileRef = FCCF7D2E19675FC900D933E9 /* UserMergeResources.h */; };
		FC6656F5197EF36500FE4C1B /* LoginResources.h in CopyFiles */ = {isa = PBXBuildFile; fileRef = FCBCC6471970438400E52145 /* LoginResources.h */; };
		FC6656F6197EF36500FE4C1B /* UserResource.h in CopyFiles */ = {isa = PBXBuildFile; fileRef = FC12AB671961FA460043A1C2 /* UserResource.h */; };
		FC6656F7197EF36500FE4C1B /* UserResourceSearch.h in CopyFiles */ = {isa = PBXBuildFile; fileRef = FC12AB691961FA460043A1C2 /* UserResourceSearch.h */; };
		FC6656F8197EF36500FE4C1B /* UserResourceServices.h in CopyFiles */ = {isa = PBXBuildFile; fileRef = FC12AB6B1961FA460043A1C2 /* UserResourceServices.h */; };
		FC70944F197DE6E000C813E8 /* UserSearchParametersResponse.m in Sources */ = {isa = PBXBuildFile; fileRef = FC70944E197DE6E000C813E8 /* UserSearchParametersResponse.m */; };
		FCA5C66D195BA239004697BB /* Foundation.framework in Frameworks */ = {isa = PBXBuildFile; fileRef = FCA5C66C195BA239004697BB /* Foundation.framework */; };
		FCA5C67B195BA239004697BB /* XCTest.framework in Frameworks */ = {isa = PBXBuildFile; fileRef = FCA5C67A195BA239004697BB /* XCTest.framework */; };
		FCA5C67C195BA239004697BB /* Foundation.framework in Frameworks */ = {isa = PBXBuildFile; fileRef = FCA5C66C195BA239004697BB /* Foundation.framework */; };
		FCA5C67E195BA239004697BB /* UIKit.framework in Frameworks */ = {isa = PBXBuildFile; fileRef = FCA5C67D195BA239004697BB /* UIKit.framework */; };
		FCA5C681195BA239004697BB /* libSDK_API_REST.a in Frameworks */ = {isa = PBXBuildFile; fileRef = FCA5C669195BA239004697BB /* libSDK_API_REST.a */; };
		FCA5C687195BA239004697BB /* InfoPlist.strings in Resources */ = {isa = PBXBuildFile; fileRef = FCA5C685195BA239004697BB /* InfoPlist.strings */; };
		FCA5C689195BA239004697BB /* SDK_API_RESTTests.m in Sources */ = {isa = PBXBuildFile; fileRef = FCA5C688195BA239004697BB /* SDK_API_RESTTests.m */; };
		FCBCC6491970438400E52145 /* LoginResources.m in Sources */ = {isa = PBXBuildFile; fileRef = FCBCC6481970438400E52145 /* LoginResources.m */; };
		FCBCC65B19708B6900E52145 /* MobileRegisterResources.m in Sources */ = {isa = PBXBuildFile; fileRef = FCBCC65A19708B6900E52145 /* MobileRegisterResources.m */; };
		FCBCC65C19708B6900E52145 /* MobileRegisterResources.m in Sources */ = {isa = PBXBuildFile; fileRef = FCBCC65A19708B6900E52145 /* MobileRegisterResources.m */; };
		FCCF7D3019675FC900D933E9 /* UserMergeResources.m in Sources */ = {isa = PBXBuildFile; fileRef = FCCF7D2F19675FC900D933E9 /* UserMergeResources.m */; };
		FCCF7D3119675FC900D933E9 /* UserMergeResources.m in Sources */ = {isa = PBXBuildFile; fileRef = FCCF7D2F19675FC900D933E9 /* UserMergeResources.m */; };
		FCCF7D3F196767FB00D933E9 /* UserPhoneExtensionResources.m in Sources */ = {isa = PBXBuildFile; fileRef = FCCF7D3E196767FB00D933E9 /* UserPhoneExtensionResources.m */; };
		FCCF7D40196767FB00D933E9 /* UserPhoneExtensionResources.m in Sources */ = {isa = PBXBuildFile; fileRef = FCCF7D3E196767FB00D933E9 /* UserPhoneExtensionResources.m */; };
		FCCF7D4419676CB600D933E9 /* UserColorResource.m in Sources */ = {isa = PBXBuildFile; fileRef = FCCF7D4319676CB600D933E9 /* UserColorResource.m */; };
		FCCF7D4519676CB600D933E9 /* UserColorResource.m in Sources */ = {isa = PBXBuildFile; fileRef = FCCF7D4319676CB600D933E9 /* UserColorResource.m */; };
		FCCF7D4919676EDA00D933E9 /* UserTagsResource.m in Sources */ = {isa = PBXBuildFile; fileRef = FCCF7D4819676EDA00D933E9 /* UserTagsResource.m */; };
		FCCF7D4A19676EDA00D933E9 /* UserTagsResource.m in Sources */ = {isa = PBXBuildFile; fileRef = FCCF7D4819676EDA00D933E9 /* UserTagsResource.m */; };
		FCCF7D531967795900D933E9 /* NFCResources.m in Sources */ = {isa = PBXBuildFile; fileRef = FCCF7D521967795900D933E9 /* NFCResources.m */; };
		FCCF7D541967795900D933E9 /* NFCResources.m in Sources */ = {isa = PBXBuildFile; fileRef = FCCF7D521967795900D933E9 /* NFCResources.m */; };
/* End PBXBuildFile section */

/* Begin PBXContainerItemProxy section */
		FCA5C67F195BA239004697BB /* PBXContainerItemProxy */ = {
			isa = PBXContainerItemProxy;
			containerPortal = FCA5C661195BA239004697BB /* Project object */;
			proxyType = 1;
			remoteGlobalIDString = FCA5C668195BA239004697BB;
			remoteInfo = SDK_API_REST;
		};
/* End PBXContainerItemProxy section */

/* Begin PBXCopyFilesBuildPhase section */
		FCA5C667195BA239004697BB /* CopyFiles */ = {
			isa = PBXCopyFilesBuildPhase;
			buildActionMask = 12;
			dstPath = "include/$(PRODUCT_NAME)";
			dstSubfolderSpec = 16;
			files = (
				FC484FB11989B0D8006445AD /* RetailParametersResponse.h in CopyFiles */,
				FC484FB21989B0D8006445AD /* RetailResource.h in CopyFiles */,
				FC6656B9197EF36500FE4C1B /* JSONModel+CoreData.h in CopyFiles */,
				FC6656BA197EF36500FE4C1B /* JSONModel.h in CopyFiles */,
				FC6656BB197EF36500FE4C1B /* JSONModelArray.h in CopyFiles */,
				FC6656BC197EF36500FE4C1B /* JSONModelClassProperty.h in CopyFiles */,
				FC6656BD197EF36500FE4C1B /* JSONModelError.h in CopyFiles */,
				FC6656BE197EF36500FE4C1B /* NSArray+JSONModel.h in CopyFiles */,
				FC6656BF197EF36500FE4C1B /* JSONModelLib.h in CopyFiles */,
				FC6656C0197EF36500FE4C1B /* JSONKeyMapper.h in CopyFiles */,
				FC6656C1197EF36500FE4C1B /* JSONValueTransformer.h in CopyFiles */,
				FC6656C2197EF36500FE4C1B /* SharedData.h in CopyFiles */,
				FC6656C3197EF36500FE4C1B /* File.h in CopyFiles */,
				FC6656C4197EF36500FE4C1B /* PhaseEditedParameters.h in CopyFiles */,
				FC6656C5197EF36500FE4C1B /* MobileSend.h in CopyFiles */,
				FC6656C6197EF36500FE4C1B /* MobileRegister.h in CopyFiles */,
				FC6656C7197EF36500FE4C1B /* Group.h in CopyFiles */,
				FC6656C8197EF36500FE4C1B /* Catalog.h in CopyFiles */,
				FC6656C9197EF36500FE4C1B /* HoverBox.h in CopyFiles */,
				FC6656CA197EF36500FE4C1B /* Notification.h in CopyFiles */,
				FC6656CB197EF36500FE4C1B /* NotificationParametersResponse.h in CopyFiles */,
				FC6656CC197EF36500FE4C1B /* NFC.h in CopyFiles */,
				FC6656CD197EF36500FE4C1B /* PhoneExtension.h in CopyFiles */,
				FC6656CE197EF36500FE4C1B /* Merge.h in CopyFiles */,
				FC6656CF197EF36500FE4C1B /* MergeParametersResponse.h in CopyFiles */,
				FC6656D0197EF36500FE4C1B /* General.h in CopyFiles */,
				FC6656D1197EF36500FE4C1B /* Parent.h in CopyFiles */,
				FC6656D2197EF36500FE4C1B /* Branches.h in CopyFiles */,
				FC6656D3197EF36500FE4C1B /* Profile.h in CopyFiles */,
				FC6656D4197EF36500FE4C1B /* Login.h in CopyFiles */,
				FC6656D6197EF36500FE4C1B /* LoginResetParameters.h in CopyFiles */,
				FC6656D7197EF36500FE4C1B /* LoginChangePasswordParameters.h in CopyFiles */,
				FC6656D8197EF36500FE4C1B /* LoginResponseParameters.h in CopyFiles */,
				FC6656D9197EF36500FE4C1B /* User.h in CopyFiles */,
				FC6656DA197EF36500FE4C1B /* UserSearch.h in CopyFiles */,
				FC6656DB197EF36500FE4C1B /* UserSearchParametersResponse.h in CopyFiles */,
				FC6656DC197EF36500FE4C1B /* UserService.h in CopyFiles */,
				FC6656DD197EF36500FE4C1B /* UserGetParameters.h in CopyFiles */,
				FC6656DE197EF36500FE4C1B /* UserGetParametersResponse.h in CopyFiles */,
				FC6656DF197EF36500FE4C1B /* UserUpdateParameters.h in CopyFiles */,
				FC6656E0197EF36500FE4C1B /* UserCreateParametersResponse.h in CopyFiles */,
				FC6656E1197EF36500FE4C1B /* ClientDELETE.h in CopyFiles */,
				FC6656E2197EF36500FE4C1B /* ClientGET.h in CopyFiles */,
				FC6656E3197EF36500FE4C1B /* ClientPOST.h in CopyFiles */,
				FC6656E4197EF36500FE4C1B /* ClientPUT.h in CopyFiles */,
				FC6656E5197EF36500FE4C1B /* Response.h in CopyFiles */,
				FC6656E6197EF36500FE4C1B /* MobileRegisterResources.h in CopyFiles */,
				FC6656E7197EF36500FE4C1B /* MobileSendResources.h in CopyFiles */,
				FC6656E8197EF36500FE4C1B /* ProfileResources.h in CopyFiles */,
				FC6656E9197EF36500FE4C1B /* GroupsResources.h in CopyFiles */,
				FC6656EA197EF36500FE4C1B /* CatalogsResources.h in CopyFiles */,
				FC6656EB197EF36500FE4C1B /* HoverBoxResources.h in CopyFiles */,
				FC6656EC197EF36500FE4C1B /* AvailabilityResources.h in CopyFiles */,
				FC6656ED197EF36500FE4C1B /* NotificationsResources.h in CopyFiles */,
				FC6656EE197EF36500FE4C1B /* UserFile.h in CopyFiles */,
				FC6656EF197EF36500FE4C1B /* FingerprintResources.h in CopyFiles */,
				FC6656F0197EF36500FE4C1B /* NFCResources.h in CopyFiles */,
				FC6656F1197EF36500FE4C1B /* UserTagsResource.h in CopyFiles */,
				FC6656F2197EF36500FE4C1B /* UserColorResource.h in CopyFiles */,
				FC6656F3197EF36500FE4C1B /* UserPhoneExtensionResources.h in CopyFiles */,
				FC6656F4197EF36500FE4C1B /* UserMergeResources.h in CopyFiles */,
				FC6656F5197EF36500FE4C1B /* LoginResources.h in CopyFiles */,
				FC6656F6197EF36500FE4C1B /* UserResource.h in CopyFiles */,
				FC6656F7197EF36500FE4C1B /* UserResourceSearch.h in CopyFiles */,
				FC6656F8197EF36500FE4C1B /* UserResourceServices.h in CopyFiles */,
			);
			runOnlyForDeploymentPostprocessing = 0;
		};
/* End PBXCopyFilesBuildPhase section */

/* Begin PBXFileReference section */
		FC12AB171961F8870043A1C2 /* JSONModel+CoreData.h */ = {isa = PBXFileReference; fileEncoding = 4; lastKnownFileType = sourcecode.c.h; path = "JSONModel+CoreData.h"; sourceTree = "<group>"; };
		FC12AB181961F8870043A1C2 /* JSONModel+CoreData.m */ = {isa = PBXFileReference; fileEncoding = 4; lastKnownFileType = sourcecode.c.objc; path = "JSONModel+CoreData.m"; sourceTree = "<group>"; };
		FC12AB191961F8870043A1C2 /* JSONModel.h */ = {isa = PBXFileReference; fileEncoding = 4; lastKnownFileType = sourcecode.c.h; path = JSONModel.h; sourceTree = "<group>"; };
		FC12AB1A1961F8870043A1C2 /* JSONModel.m */ = {isa = PBXFileReference; fileEncoding = 4; lastKnownFileType = sourcecode.c.objc; path = JSONModel.m; sourceTree = "<group>"; };
		FC12AB1B1961F8870043A1C2 /* JSONModelArray.h */ = {isa = PBXFileReference; fileEncoding = 4; lastKnownFileType = sourcecode.c.h; path = JSONModelArray.h; sourceTree = "<group>"; };
		FC12AB1C1961F8870043A1C2 /* JSONModelArray.m */ = {isa = PBXFileReference; fileEncoding = 4; lastKnownFileType = sourcecode.c.objc; path = JSONModelArray.m; sourceTree = "<group>"; };
		FC12AB1D1961F8870043A1C2 /* JSONModelClassProperty.h */ = {isa = PBXFileReference; fileEncoding = 4; lastKnownFileType = sourcecode.c.h; path = JSONModelClassProperty.h; sourceTree = "<group>"; };
		FC12AB1E1961F8870043A1C2 /* JSONModelClassProperty.m */ = {isa = PBXFileReference; fileEncoding = 4; lastKnownFileType = sourcecode.c.objc; path = JSONModelClassProperty.m; sourceTree = "<group>"; };
		FC12AB1F1961F8870043A1C2 /* JSONModelError.h */ = {isa = PBXFileReference; fileEncoding = 4; lastKnownFileType = sourcecode.c.h; path = JSONModelError.h; sourceTree = "<group>"; };
		FC12AB201961F8870043A1C2 /* JSONModelError.m */ = {isa = PBXFileReference; fileEncoding = 4; lastKnownFileType = sourcecode.c.objc; path = JSONModelError.m; sourceTree = "<group>"; };
		FC12AB221961F8870043A1C2 /* NSArray+JSONModel.h */ = {isa = PBXFileReference; fileEncoding = 4; lastKnownFileType = sourcecode.c.h; path = "NSArray+JSONModel.h"; sourceTree = "<group>"; };
		FC12AB231961F8870043A1C2 /* NSArray+JSONModel.m */ = {isa = PBXFileReference; fileEncoding = 4; lastKnownFileType = sourcecode.c.objc; path = "NSArray+JSONModel.m"; sourceTree = "<group>"; };
		FC12AB241961F8870043A1C2 /* JSONModelLib.h */ = {isa = PBXFileReference; fileEncoding = 4; lastKnownFileType = sourcecode.c.h; path = JSONModelLib.h; sourceTree = "<group>"; };
		FC12AB261961F8870043A1C2 /* JSONKeyMapper.h */ = {isa = PBXFileReference; fileEncoding = 4; lastKnownFileType = sourcecode.c.h; path = JSONKeyMapper.h; sourceTree = "<group>"; };
		FC12AB271961F8870043A1C2 /* JSONKeyMapper.m */ = {isa = PBXFileReference; fileEncoding = 4; lastKnownFileType = sourcecode.c.objc; path = JSONKeyMapper.m; sourceTree = "<group>"; };
		FC12AB281961F8870043A1C2 /* JSONValueTransformer.h */ = {isa = PBXFileReference; fileEncoding = 4; lastKnownFileType = sourcecode.c.h; path = JSONValueTransformer.h; sourceTree = "<group>"; };
		FC12AB291961F8870043A1C2 /* JSONValueTransformer.m */ = {isa = PBXFileReference; fileEncoding = 4; lastKnownFileType = sourcecode.c.objc; path = JSONValueTransformer.m; sourceTree = "<group>"; };
		FC12AB3A1961F8B10043A1C2 /* SharedData.h */ = {isa = PBXFileReference; fileEncoding = 4; lastKnownFileType = sourcecode.c.h; name = SharedData.h; path = COMMON/SharedData.h; sourceTree = "<group>"; };
		FC12AB3B1961F8B10043A1C2 /* SharedData.m */ = {isa = PBXFileReference; fileEncoding = 4; lastKnownFileType = sourcecode.c.objc; name = SharedData.m; path = COMMON/SharedData.m; sourceTree = "<group>"; };
		FC12AB431961F9830043A1C2 /* User.h */ = {isa = PBXFileReference; fileEncoding = 4; lastKnownFileType = sourcecode.c.h; name = User.h; path = POJO/User/User.h; sourceTree = "<group>"; };
		FC12AB441961F9830043A1C2 /* User.m */ = {isa = PBXFileReference; fileEncoding = 4; lastKnownFileType = sourcecode.c.objc; name = User.m; path = POJO/User/User.m; sourceTree = "<group>"; };
		FC12AB4F1961F9C70043A1C2 /* ClientDELETE.h */ = {isa = PBXFileReference; fileEncoding = 4; lastKnownFileType = sourcecode.c.h; name = ClientDELETE.h; path = HTTP/ClientDELETE.h; sourceTree = "<group>"; };
		FC12AB501961F9C70043A1C2 /* ClientDELETE.m */ = {isa = PBXFileReference; fileEncoding = 4; lastKnownFileType = sourcecode.c.objc; name = ClientDELETE.m; path = HTTP/ClientDELETE.m; sourceTree = "<group>"; };
		FC12AB511961F9C70043A1C2 /* ClientGET.h */ = {isa = PBXFileReference; fileEncoding = 4; lastKnownFileType = sourcecode.c.h; name = ClientGET.h; path = HTTP/ClientGET.h; sourceTree = "<group>"; };
		FC12AB521961F9C70043A1C2 /* ClientGET.m */ = {isa = PBXFileReference; fileEncoding = 4; lastKnownFileType = sourcecode.c.objc; name = ClientGET.m; path = HTTP/ClientGET.m; sourceTree = "<group>"; };
		FC12AB531961F9C70043A1C2 /* ClientPOST.h */ = {isa = PBXFileReference; fileEncoding = 4; lastKnownFileType = sourcecode.c.h; name = ClientPOST.h; path = HTTP/ClientPOST.h; sourceTree = "<group>"; };
		FC12AB541961F9C70043A1C2 /* ClientPOST.m */ = {isa = PBXFileReference; fileEncoding = 4; lastKnownFileType = sourcecode.c.objc; name = ClientPOST.m; path = HTTP/ClientPOST.m; sourceTree = "<group>"; };
		FC12AB551961F9C70043A1C2 /* ClientPUT.h */ = {isa = PBXFileReference; fileEncoding = 4; lastKnownFileType = sourcecode.c.h; name = ClientPUT.h; path = HTTP/ClientPUT.h; sourceTree = "<group>"; };
		FC12AB561961F9C70043A1C2 /* ClientPUT.m */ = {isa = PBXFileReference; fileEncoding = 4; lastKnownFileType = sourcecode.c.objc; name = ClientPUT.m; path = HTTP/ClientPUT.m; sourceTree = "<group>"; };
		FC12AB571961F9C70043A1C2 /* Response.h */ = {isa = PBXFileReference; fileEncoding = 4; lastKnownFileType = sourcecode.c.h; name = Response.h; path = HTTP/Response.h; sourceTree = "<group>"; };
		FC12AB581961F9C70043A1C2 /* Response.m */ = {isa = PBXFileReference; fileEncoding = 4; lastKnownFileType = sourcecode.c.objc; name = Response.m; path = HTTP/Response.m; sourceTree = "<group>"; };
		FC12AB671961FA460043A1C2 /* UserResource.h */ = {isa = PBXFileReference; fileEncoding = 4; lastKnownFileType = sourcecode.c.h; name = UserResource.h; path = UserServices/UserResource/UserResource.h; sourceTree = "<group>"; };
		FC12AB681961FA460043A1C2 /* UserResource.m */ = {isa = PBXFileReference; fileEncoding = 4; lastKnownFileType = sourcecode.c.objc; name = UserResource.m; path = UserServices/UserResource/UserResource.m; sourceTree = "<group>"; };
		FC12AB691961FA460043A1C2 /* UserResourceSearch.h */ = {isa = PBXFileReference; fileEncoding = 4; lastKnownFileType = sourcecode.c.h; name = UserResourceSearch.h; path = UserServices/UserResource/UserResourceSearch.h; sourceTree = "<group>"; };
		FC12AB6A1961FA460043A1C2 /* UserResourceSearch.m */ = {isa = PBXFileReference; fileEncoding = 4; lastKnownFileType = sourcecode.c.objc; name = UserResourceSearch.m; path = UserServices/UserResource/UserResourceSearch.m; sourceTree = "<group>"; };
		FC12AB6B1961FA460043A1C2 /* UserResourceServices.h */ = {isa = PBXFileReference; fileEncoding = 4; lastKnownFileType = sourcecode.c.h; name = UserResourceServices.h; path = UserServices/UserResource/UserResourceServices.h; sourceTree = "<group>"; };
		FC12AB6C1961FA460043A1C2 /* UserResourceServices.m */ = {isa = PBXFileReference; fileEncoding = 4; lastKnownFileType = sourcecode.c.objc; name = UserResourceServices.m; path = UserServices/UserResource/UserResourceServices.m; sourceTree = "<group>"; };
		FC2A6AC1196603D100B0AD28 /* Profile.h */ = {isa = PBXFileReference; fileEncoding = 4; lastKnownFileType = sourcecode.c.h; path = Profile.h; sourceTree = "<group>"; };
		FC2A6AC2196603D100B0AD28 /* Profile.m */ = {isa = PBXFileReference; fileEncoding = 4; lastKnownFileType = sourcecode.c.objc; path = Profile.m; sourceTree = "<group>"; };
		FC2A6AD3196615D600B0AD28 /* Branches.h */ = {isa = PBXFileReference; fileEncoding = 4; lastKnownFileType = sourcecode.c.h; path = Branches.h; sourceTree = "<group>"; };
		FC2A6AD4196615D600B0AD28 /* Branches.m */ = {isa = PBXFileReference; fileEncoding = 4; lastKnownFileType = sourcecode.c.objc; path = Branches.m; sourceTree = "<group>"; };
		FC2A6AD81966171E00B0AD28 /* Parent.h */ = {isa = PBXFileReference; fileEncoding = 4; lastKnownFileType = sourcecode.c.h; path = Parent.h; sourceTree = "<group>"; };
		FC2A6AD91966171E00B0AD28 /* Parent.m */ = {isa = PBXFileReference; fileEncoding = 4; lastKnownFileType = sourcecode.c.objc; path = Parent.m; sourceTree = "<group>"; };
		FC2A6ADD19661B1400B0AD28 /* General.h */ = {isa = PBXFileReference; fileEncoding = 4; lastKnownFileType = sourcecode.c.h; path = General.h; sourceTree = "<group>"; };
		FC2A6ADE19661B1400B0AD28 /* General.m */ = {isa = PBXFileReference; fileEncoding = 4; lastKnownFileType = sourcecode.c.objc; path = General.m; sourceTree = "<group>"; };
		FC33D64F197EB64D00AF402E /* UserGetParametersResponse.h */ = {isa = PBXFileReference; fileEncoding = 4; lastKnownFileType = sourcecode.c.h; name = UserGetParametersResponse.h; path = POJO/User/UserGetParametersResponse.h; sourceTree = "<group>"; };
		FC33D650197EB64D00AF402E /* UserGetParametersResponse.m */ = {isa = PBXFileReference; fileEncoding = 4; lastKnownFileType = sourcecode.c.objc; name = UserGetParametersResponse.m; path = POJO/User/UserGetParametersResponse.m; sourceTree = "<group>"; };
		FC33D652197EB70200AF402E /* UserUpdateParameters.h */ = {isa = PBXFileReference; fileEncoding = 4; lastKnownFileType = sourcecode.c.h; name = UserUpdateParameters.h; path = POJO/User/UserUpdateParameters.h; sourceTree = "<group>"; };
		FC33D653197EB70200AF402E /* UserUpdateParameters.m */ = {isa = PBXFileReference; fileEncoding = 4; lastKnownFileType = sourcecode.c.objc; name = UserUpdateParameters.m; path = POJO/User/UserUpdateParameters.m; sourceTree = "<group>"; };
		FC33D655197EB75A00AF402E /* UserCreateParametersResponse.h */ = {isa = PBXFileReference; fileEncoding = 4; lastKnownFileType = sourcecode.c.h; name = UserCreateParametersResponse.h; path = POJO/User/UserCreateParametersResponse.h; sourceTree = "<group>"; };
		FC33D656197EB75A00AF402E /* UserCreateParametersResponse.m */ = {isa = PBXFileReference; fileEncoding = 4; lastKnownFileType = sourcecode.c.objc; name = UserCreateParametersResponse.m; path = POJO/User/UserCreateParametersResponse.m; sourceTree = "<group>"; };
		FC33D658197EBB0E00AF402E /* Login.h */ = {isa = PBXFileReference; fileEncoding = 4; lastKnownFileType = sourcecode.c.h; name = Login.h; path = POJO/Login/Login.h; sourceTree = "<group>"; };
		FC33D659197EBB0E00AF402E /* Login.m */ = {isa = PBXFileReference; fileEncoding = 4; lastKnownFileType = sourcecode.c.objc; name = Login.m; path = POJO/Login/Login.m; sourceTree = "<group>"; };
		FC33D662197EEAEE00AF402E /* File.h */ = {isa = PBXFileReference; fileEncoding = 4; lastKnownFileType = sourcecode.c.h; path = File.h; sourceTree = "<group>"; };
		FC33D663197EEAEE00AF402E /* File.m */ = {isa = PBXFileReference; fileEncoding = 4; lastKnownFileType = sourcecode.c.objc; path = File.m; sourceTree = "<group>"; };
		FC33D665197EEB4700AF402E /* MobileSend.h */ = {isa = PBXFileReference; fileEncoding = 4; lastKnownFileType = sourcecode.c.h; path = MobileSend.h; sourceTree = "<group>"; };
		FC33D666197EEB4700AF402E /* MobileSend.m */ = {isa = PBXFileReference; fileEncoding = 4; lastKnownFileType = sourcecode.c.objc; path = MobileSend.m; sourceTree = "<group>"; };
		FC33D668197EEC1F00AF402E /* MobileRegister.h */ = {isa = PBXFileReference; fileEncoding = 4; lastKnownFileType = sourcecode.c.h; path = MobileRegister.h; sourceTree = "<group>"; };
		FC33D669197EEC1F00AF402E /* MobileRegister.m */ = {isa = PBXFileReference; fileEncoding = 4; lastKnownFileType = sourcecode.c.objc; path = MobileRegister.m; sourceTree = "<group>"; };
		FC33D66B197EEC8600AF402E /* Group.h */ = {isa = PBXFileReference; fileEncoding = 4; lastKnownFileType = sourcecode.c.h; path = Group.h; sourceTree = "<group>"; };
		FC33D66C197EEC8600AF402E /* Group.m */ = {isa = PBXFileReference; fileEncoding = 4; lastKnownFileType = sourcecode.c.objc; path = Group.m; sourceTree = "<group>"; };
		FC33D66E197EECC600AF402E /* Catalog.h */ = {isa = PBXFileReference; fileEncoding = 4; lastKnownFileType = sourcecode.c.h; path = Catalog.h; sourceTree = "<group>"; };
		FC33D66F197EECC600AF402E /* Catalog.m */ = {isa = PBXFileReference; fileEncoding = 4; lastKnownFileType = sourcecode.c.objc; path = Catalog.m; sourceTree = "<group>"; };
		FC33D671197EED2E00AF402E /* HoverBox.h */ = {isa = PBXFileReference; fileEncoding = 4; lastKnownFileType = sourcecode.c.h; path = HoverBox.h; sourceTree = "<group>"; };
		FC33D672197EED2E00AF402E /* HoverBox.m */ = {isa = PBXFileReference; fileEncoding = 4; lastKnownFileType = sourcecode.c.objc; path = HoverBox.m; sourceTree = "<group>"; };
		FC33D674197EEDC400AF402E /* Notification.h */ = {isa = PBXFileReference; fileEncoding = 4; lastKnownFileType = sourcecode.c.h; path = Notification.h; sourceTree = "<group>"; };
		FC33D675197EEDC400AF402E /* Notification.m */ = {isa = PBXFileReference; fileEncoding = 4; lastKnownFileType = sourcecode.c.objc; path = Notification.m; sourceTree = "<group>"; };
		FC33D677197EEE4800AF402E /* NotificationParametersResponse.h */ = {isa = PBXFileReference; fileEncoding = 4; lastKnownFileType = sourcecode.c.h; path = NotificationParametersResponse.h; sourceTree = "<group>"; };
		FC33D678197EEE4800AF402E /* NotificationParametersResponse.m */ = {isa = PBXFileReference; fileEncoding = 4; lastKnownFileType = sourcecode.c.objc; path = NotificationParametersResponse.m; sourceTree = "<group>"; };
		FC33D67A197EEE9800AF402E /* NFC.h */ = {isa = PBXFileReference; fileEncoding = 4; lastKnownFileType = sourcecode.c.h; path = NFC.h; sourceTree = "<group>"; };
		FC33D67B197EEE9800AF402E /* NFC.m */ = {isa = PBXFileReference; fileEncoding = 4; lastKnownFileType = sourcecode.c.objc; path = NFC.m; sourceTree = "<group>"; };
		FC33D67D197EEECD00AF402E /* PhoneExtension.h */ = {isa = PBXFileReference; fileEncoding = 4; lastKnownFileType = sourcecode.c.h; path = PhoneExtension.h; sourceTree = "<group>"; };
		FC33D67E197EEECD00AF402E /* PhoneExtension.m */ = {isa = PBXFileReference; fileEncoding = 4; lastKnownFileType = sourcecode.c.objc; path = PhoneExtension.m; sourceTree = "<group>"; };
		FC3EF75A196AF57F006F136A /* FingerprintResources.h */ = {isa = PBXFileReference; fileEncoding = 4; lastKnownFileType = sourcecode.c.h; path = FingerprintResources.h; sourceTree = "<group>"; };
		FC3EF75B196AF57F006F136A /* FingerprintResources.m */ = {isa = PBXFileReference; fileEncoding = 4; lastKnownFileType = sourcecode.c.objc; path = FingerprintResources.m; sourceTree = "<group>"; };
		FC3EF75F196B08CA006F136A /* UserFile.h */ = {isa = PBXFileReference; fileEncoding = 4; lastKnownFileType = sourcecode.c.h; path = UserFile.h; sourceTree = "<group>"; };
		FC3EF760196B08CA006F136A /* UserFile.m */ = {isa = PBXFileReference; fileEncoding = 4; lastKnownFileType = sourcecode.c.objc; path = UserFile.m; sourceTree = "<group>"; };
		FC3EF769196B2C6C006F136A /* NotificationsResources.h */ = {isa = PBXFileReference; fileEncoding = 4; lastKnownFileType = sourcecode.c.h; path = NotificationsResources.h; sourceTree = "<group>"; };
		FC3EF76A196B2C6C006F136A /* NotificationsResources.m */ = {isa = PBXFileReference; fileEncoding = 4; lastKnownFileType = sourcecode.c.objc; path = NotificationsResources.m; sourceTree = "<group>"; };
		FC3EF76F196B40E9006F136A /* AvailabilityResources.h */ = {isa = PBXFileReference; fileEncoding = 4; lastKnownFileType = sourcecode.c.h; path = AvailabilityResources.h; sourceTree = "<group>"; };
		FC3EF770196B40E9006F136A /* AvailabilityResources.m */ = {isa = PBXFileReference; fileEncoding = 4; lastKnownFileType = sourcecode.c.objc; path = AvailabilityResources.m; sourceTree = "<group>"; };
		FC3EF774196B4CF4006F136A /* HoverBoxResources.h */ = {isa = PBXFileReference; fileEncoding = 4; lastKnownFileType = sourcecode.c.h; path = HoverBoxResources.h; sourceTree = "<group>"; };
		FC3EF775196B4CF4006F136A /* HoverBoxResources.m */ = {isa = PBXFileReference; fileEncoding = 4; lastKnownFileType = sourcecode.c.objc; path = HoverBoxResources.m; sourceTree = "<group>"; };
		FC43A45B196DD89C00E16FC7 /* CatalogsResources.h */ = {isa = PBXFileReference; fileEncoding = 4; lastKnownFileType = sourcecode.c.h; path = CatalogsResources.h; sourceTree = "<group>"; };
		FC43A45C196DD89C00E16FC7 /* CatalogsResources.m */ = {isa = PBXFileReference; fileEncoding = 4; lastKnownFileType = sourcecode.c.objc; path = CatalogsResources.m; sourceTree = "<group>"; };
		FC43A45F196DDF6E00E16FC7 /* GroupsResources.h */ = {isa = PBXFileReference; fileEncoding = 4; lastKnownFileType = sourcecode.c.h; path = GroupsResources.h; sourceTree = "<group>"; };
		FC43A460196DDF6E00E16FC7 /* GroupsResources.m */ = {isa = PBXFileReference; fileEncoding = 4; lastKnownFileType = sourcecode.c.objc; path = GroupsResources.m; sourceTree = "<group>"; };
		FC43A469196DE90F00E16FC7 /* ProfileResources.h */ = {isa = PBXFileReference; fileEncoding = 4; lastKnownFileType = sourcecode.c.h; path = ProfileResources.h; sourceTree = "<group>"; };
		FC43A46A196DE90F00E16FC7 /* ProfileResources.m */ = {isa = PBXFileReference; fileEncoding = 4; lastKnownFileType = sourcecode.c.objc; path = ProfileResources.m; sourceTree = "<group>"; };
		FC43A473196DF10C00E16FC7 /* MobileSendResources.h */ = {isa = PBXFileReference; fileEncoding = 4; lastKnownFileType = sourcecode.c.h; path = MobileSendResources.h; sourceTree = "<group>"; };
		FC43A474196DF10C00E16FC7 /* MobileSendResources.m */ = {isa = PBXFileReference; fileEncoding = 4; lastKnownFileType = sourcecode.c.objc; path = MobileSendResources.m; sourceTree = "<group>"; };
		FC43A477196DF38E00E16FC7 /* LoginResponseParameters.h */ = {isa = PBXFileReference; fileEncoding = 4; lastKnownFileType = sourcecode.c.h; name = LoginResponseParameters.h; path = POJO/Login/LoginResponseParameters.h; sourceTree = "<group>"; };
		FC43A478196DF38E00E16FC7 /* LoginResponseParameters.m */ = {isa = PBXFileReference; fileEncoding = 4; lastKnownFileType = sourcecode.c.objc; name = LoginResponseParameters.m; path = POJO/Login/LoginResponseParameters.m; sourceTree = "<group>"; };
		FC43A47B196E007E00E16FC7 /* UserGetParameters.h */ = {isa = PBXFileReference; fileEncoding = 4; lastKnownFileType = sourcecode.c.h; name = UserGetParameters.h; path = POJO/User/UserGetParameters.h; sourceTree = "<group>"; };
		FC43A47C196E007E00E16FC7 /* UserGetParameters.m */ = {isa = PBXFileReference; fileEncoding = 4; lastKnownFileType = sourcecode.c.objc; name = UserGetParameters.m; path = POJO/User/UserGetParameters.m; sourceTree = "<group>"; };
		FC43A480196E059400E16FC7 /* PhaseEditedParameters.h */ = {isa = PBXFileReference; fileEncoding = 4; lastKnownFileType = sourcecode.c.h; path = PhaseEditedParameters.h; sourceTree = "<group>"; };
		FC43A481196E059400E16FC7 /* PhaseEditedParameters.m */ = {isa = PBXFileReference; fileEncoding = 4; lastKnownFileType = sourcecode.c.objc; path = PhaseEditedParameters.m; sourceTree = "<group>"; };
		FC484FA61989ABAA006445AD /* RetailResource.h */ = {isa = PBXFileReference; fileEncoding = 4; lastKnownFileType = sourcecode.c.h; path = RetailResource.h; sourceTree = "<group>"; };
		FC484FA71989ABAA006445AD /* RetailResource.m */ = {isa = PBXFileReference; fileEncoding = 4; lastKnownFileType = sourcecode.c.objc; path = RetailResource.m; sourceTree = "<group>"; };
		FC484FAB1989AEC1006445AD /* RetailParametersResponse.h */ = {isa = PBXFileReference; fileEncoding = 4; lastKnownFileType = sourcecode.c.h; path = RetailParametersResponse.h; sourceTree = "<group>"; };
		FC484FAC1989AEC1006445AD /* RetailParametersResponse.m */ = {isa = PBXFileReference; fileEncoding = 4; lastKnownFileType = sourcecode.c.objc; path = RetailParametersResponse.m; sourceTree = "<group>"; };
		FC55A6411964ADC500E25CE6 /* LoginChangePasswordParameters.h */ = {isa = PBXFileReference; fileEncoding = 4; lastKnownFileType = sourcecode.c.h; name = LoginChangePasswordParameters.h; path = POJO/Login/LoginChangePasswordParameters.h; sourceTree = "<group>"; };
		FC55A6421964ADC500E25CE6 /* LoginChangePasswordParameters.m */ = {isa = PBXFileReference; fileEncoding = 4; lastKnownFileType = sourcecode.c.objc; name = LoginChangePasswordParameters.m; path = POJO/Login/LoginChangePasswordParameters.m; sourceTree = "<group>"; };
		FC55A6431964ADC500E25CE6 /* LoginResetParameters.h */ = {isa = PBXFileReference; fileEncoding = 4; lastKnownFileType = sourcecode.c.h; name = LoginResetParameters.h; path = POJO/Login/LoginResetParameters.h; sourceTree = "<group>"; };
		FC55A6441964ADC500E25CE6 /* LoginResetParameters.m */ = {isa = PBXFileReference; fileEncoding = 4; lastKnownFileType = sourcecode.c.objc; name = LoginResetParameters.m; path = POJO/Login/LoginResetParameters.m; sourceTree = "<group>"; };
		FC6656AD197EF01A00FE4C1B /* Merge.h */ = {isa = PBXFileReference; fileEncoding = 4; lastKnownFileType = sourcecode.c.h; path = Merge.h; sourceTree = "<group>"; };
		FC6656AE197EF01A00FE4C1B /* Merge.m */ = {isa = PBXFileReference; fileEncoding = 4; lastKnownFileType = sourcecode.c.objc; path = Merge.m; sourceTree = "<group>"; };
		FC6656B0197EF04D00FE4C1B /* MergeParametersResponse.h */ = {isa = PBXFileReference; fileEncoding = 4; lastKnownFileType = sourcecode.c.h; path = MergeParametersResponse.h; sourceTree = "<group>"; };
		FC6656B1197EF04D00FE4C1B /* MergeParametersResponse.m */ = {isa = PBXFileReference; fileEncoding = 4; lastKnownFileType = sourcecode.c.objc; path = MergeParametersResponse.m; sourceTree = "<group>"; };
		FC6656B3197EF0B800FE4C1B /* UserSearch.h */ = {isa = PBXFileReference; fileEncoding = 4; lastKnownFileType = sourcecode.c.h; name = UserSearch.h; path = POJO/User/UserSearch.h; sourceTree = "<group>"; };
		FC6656B4197EF0B800FE4C1B /* UserSearch.m */ = {isa = PBXFileReference; fileEncoding = 4; lastKnownFileType = sourcecode.c.objc; name = UserSearch.m; path = POJO/User/UserSearch.m; sourceTree = "<group>"; };
		FC6656B6197EF12300FE4C1B /* UserService.h */ = {isa = PBXFileReference; fileEncoding = 4; lastKnownFileType = sourcecode.c.h; name = UserService.h; path = POJO/User/UserService.h; sourceTree = "<group>"; };
		FC6656B7197EF12300FE4C1B /* UserService.m */ = {isa = PBXFileReference; fileEncoding = 4; lastKnownFileType = sourcecode.c.objc; name = UserService.m; path = POJO/User/UserService.m; sourceTree = "<group>"; };
		FC70944D197DE6E000C813E8 /* UserSearchParametersResponse.h */ = {isa = PBXFileReference; fileEncoding = 4; lastKnownFileType = sourcecode.c.h; name = UserSearchParametersResponse.h; path = POJO/User/UserSearchParametersResponse.h; sourceTree = "<group>"; };
		FC70944E197DE6E000C813E8 /* UserSearchParametersResponse.m */ = {isa = PBXFileReference; fileEncoding = 4; lastKnownFileType = sourcecode.c.objc; name = UserSearchParametersResponse.m; path = POJO/User/UserSearchParametersResponse.m; sourceTree = "<group>"; };
		FCA5C669195BA239004697BB /* libSDK_API_REST.a */ = {isa = PBXFileReference; explicitFileType = archive.ar; includeInIndex = 0; path = libSDK_API_REST.a; sourceTree = BUILT_PRODUCTS_DIR; };
		FCA5C66C195BA239004697BB /* Foundation.framework */ = {isa = PBXFileReference; lastKnownFileType = wrapper.framework; name = Foundation.framework; path = System/Library/Frameworks/Foundation.framework; sourceTree = SDKROOT; };
		FCA5C670195BA239004697BB /* SDK_API_REST-Prefix.pch */ = {isa = PBXFileReference; lastKnownFileType = sourcecode.c.h; path = "SDK_API_REST-Prefix.pch"; sourceTree = "<group>"; };
		FCA5C679195BA239004697BB /* SDK_API_RESTTests.xctest */ = {isa = PBXFileReference; explicitFileType = wrapper.cfbundle; includeInIndex = 0; path = SDK_API_RESTTests.xctest; sourceTree = BUILT_PRODUCTS_DIR; };
		FCA5C67A195BA239004697BB /* XCTest.framework */ = {isa = PBXFileReference; lastKnownFileType = wrapper.framework; name = XCTest.framework; path = Library/Frameworks/XCTest.framework; sourceTree = DEVELOPER_DIR; };
		FCA5C67D195BA239004697BB /* UIKit.framework */ = {isa = PBXFileReference; lastKnownFileType = wrapper.framework; name = UIKit.framework; path = Library/Frameworks/UIKit.framework; sourceTree = DEVELOPER_DIR; };
		FCA5C684195BA239004697BB /* SDK_API_RESTTests-Info.plist */ = {isa = PBXFileReference; lastKnownFileType = text.plist.xml; path = "SDK_API_RESTTests-Info.plist"; sourceTree = "<group>"; };
		FCA5C686195BA239004697BB /* en */ = {isa = PBXFileReference; lastKnownFileType = text.plist.strings; name = en; path = en.lproj/InfoPlist.strings; sourceTree = "<group>"; };
		FCA5C688195BA239004697BB /* SDK_API_RESTTests.m */ = {isa = PBXFileReference; lastKnownFileType = sourcecode.c.objc; path = SDK_API_RESTTests.m; sourceTree = "<group>"; };
		FCBCC6471970438400E52145 /* LoginResources.h */ = {isa = PBXFileReference; fileEncoding = 4; lastKnownFileType = sourcecode.c.h; name = LoginResources.h; path = UserServices/Login/LoginResources.h; sourceTree = "<group>"; };
		FCBCC6481970438400E52145 /* LoginResources.m */ = {isa = PBXFileReference; fileEncoding = 4; lastKnownFileType = sourcecode.c.objc; name = LoginResources.m; path = UserServices/Login/LoginResources.m; sourceTree = "<group>"; };
		FCBCC65919708B6900E52145 /* MobileRegisterResources.h */ = {isa = PBXFileReference; fileEncoding = 4; lastKnownFileType = sourcecode.c.h; path = MobileRegisterResources.h; sourceTree = "<group>"; };
		FCBCC65A19708B6900E52145 /* MobileRegisterResources.m */ = {isa = PBXFileReference; fileEncoding = 4; lastKnownFileType = sourcecode.c.objc; path = MobileRegisterResources.m; sourceTree = "<group>"; };
		FCCF7D2E19675FC900D933E9 /* UserMergeResources.h */ = {isa = PBXFileReference; fileEncoding = 4; lastKnownFileType = sourcecode.c.h; path = UserMergeResources.h; sourceTree = "<group>"; };
		FCCF7D2F19675FC900D933E9 /* UserMergeResources.m */ = {isa = PBXFileReference; fileEncoding = 4; lastKnownFileType = sourcecode.c.objc; path = UserMergeResources.m; sourceTree = "<group>"; };
		FCCF7D3D196767FB00D933E9 /* UserPhoneExtensionResources.h */ = {isa = PBXFileReference; fileEncoding = 4; lastKnownFileType = sourcecode.c.h; path = UserPhoneExtensionResources.h; sourceTree = "<group>"; };
		FCCF7D3E196767FB00D933E9 /* UserPhoneExtensionResources.m */ = {isa = PBXFileReference; fileEncoding = 4; lastKnownFileType = sourcecode.c.objc; path = UserPhoneExtensionResources.m; sourceTree = "<group>"; };
		FCCF7D4219676CB600D933E9 /* UserColorResource.h */ = {isa = PBXFileReference; fileEncoding = 4; lastKnownFileType = sourcecode.c.h; path = UserColorResource.h; sourceTree = "<group>"; };
		FCCF7D4319676CB600D933E9 /* UserColorResource.m */ = {isa = PBXFileReference; fileEncoding = 4; lastKnownFileType = sourcecode.c.objc; path = UserColorResource.m; sourceTree = "<group>"; };
		FCCF7D4719676EDA00D933E9 /* UserTagsResource.h */ = {isa = PBXFileReference; fileEncoding = 4; lastKnownFileType = sourcecode.c.h; path = UserTagsResource.h; sourceTree = "<group>"; };
		FCCF7D4819676EDA00D933E9 /* UserTagsResource.m */ = {isa = PBXFileReference; fileEncoding = 4; lastKnownFileType = sourcecode.c.objc; path = UserTagsResource.m; sourceTree = "<group>"; };
		FCCF7D511967795900D933E9 /* NFCResources.h */ = {isa = PBXFileReference; fileEncoding = 4; lastKnownFileType = sourcecode.c.h; path = NFCResources.h; sourceTree = "<group>"; };
		FCCF7D521967795900D933E9 /* NFCResources.m */ = {isa = PBXFileReference; fileEncoding = 4; lastKnownFileType = sourcecode.c.objc; path = NFCResources.m; sourceTree = "<group>"; };
/* End PBXFileReference section */

/* Begin PBXFrameworksBuildPhase section */
		FCA5C666195BA239004697BB /* Frameworks */ = {
			isa = PBXFrameworksBuildPhase;
			buildActionMask = 2147483647;
			files = (
				FCA5C66D195BA239004697BB /* Foundation.framework in Frameworks */,
			);
			runOnlyForDeploymentPostprocessing = 0;
		};
		FCA5C676195BA239004697BB /* Frameworks */ = {
			isa = PBXFrameworksBuildPhase;
			buildActionMask = 2147483647;
			files = (
				FCA5C67B195BA239004697BB /* XCTest.framework in Frameworks */,
				FCA5C67E195BA239004697BB /* UIKit.framework in Frameworks */,
				FCA5C67C195BA239004697BB /* Foundation.framework in Frameworks */,
				FCA5C681195BA239004697BB /* libSDK_API_REST.a in Frameworks */,
			);
			runOnlyForDeploymentPostprocessing = 0;
		};
/* End PBXFrameworksBuildPhase section */

/* Begin PBXGroup section */
		FC12AB0D1961CE320043A1C2 /* USER_SERVICES */ = {
			isa = PBXGroup;
			children = (
				FC484FA51989AB9A006445AD /* Retail */,
				FCBCC65819708B5700E52145 /* MobileRegister */,
				FC43A472196DF0FF00E16FC7 /* MobileSend */,
				FC43A468196DE90000E16FC7 /* Profile */,
				FC43A45E196DDF5A00E16FC7 /* Groups */,
				FC3EF77D196B62C7006F136A /* Catalogs */,
				FC3EF773196B4CE3006F136A /* HoverBox */,
				FC3EF76E196B40CC006F136A /* Availability */,
				FC3EF768196B2C5D006F136A /* Notifications */,
				FC3EF75E196B08BF006F136A /* File */,
				FC3EF759196AF569006F136A /* Fingerprint */,
				FCCF7D501967794B00D933E9 /* NFC */,
				FCCF7D4619676EC900D933E9 /* Tags */,
				FCCF7D4119676CAA00D933E9 /* UserColor */,
				FCCF7D37196766D000D933E9 /* PhoneExtension */,
				FCCF7D2D19675FA200D933E9 /* Merge */,
				FC2F7D9C195C884600A36603 /* Login */,
				FC12AB111961D1540043A1C2 /* UserResource */,
			);
			name = USER_SERVICES;
			sourceTree = "<group>";
		};
		FC12AB111961D1540043A1C2 /* UserResource */ = {
			isa = PBXGroup;
			children = (
				FC12AB671961FA460043A1C2 /* UserResource.h */,
				FC12AB681961FA460043A1C2 /* UserResource.m */,
				FC12AB691961FA460043A1C2 /* UserResourceSearch.h */,
				FC12AB6A1961FA460043A1C2 /* UserResourceSearch.m */,
				FC12AB6B1961FA460043A1C2 /* UserResourceServices.h */,
				FC12AB6C1961FA460043A1C2 /* UserResourceServices.m */,
			);
			name = UserResource;
			sourceTree = "<group>";
		};
		FC12AB151961F8870043A1C2 /* JSONModel */ = {
			isa = PBXGroup;
			children = (
				FC12AB161961F8870043A1C2 /* JSONModel */,
				FC12AB211961F8870043A1C2 /* JSONModelCategories */,
				FC12AB241961F8870043A1C2 /* JSONModelLib.h */,
				FC12AB251961F8870043A1C2 /* JSONModelTransformations */,
			);
			name = JSONModel;
			path = LibraryExtern/JSONModel;
			sourceTree = "<group>";
		};
		FC12AB161961F8870043A1C2 /* JSONModel */ = {
			isa = PBXGroup;
			children = (
				FC12AB171961F8870043A1C2 /* JSONModel+CoreData.h */,
				FC12AB181961F8870043A1C2 /* JSONModel+CoreData.m */,
				FC12AB191961F8870043A1C2 /* JSONModel.h */,
				FC12AB1A1961F8870043A1C2 /* JSONModel.m */,
				FC12AB1B1961F8870043A1C2 /* JSONModelArray.h */,
				FC12AB1C1961F8870043A1C2 /* JSONModelArray.m */,
				FC12AB1D1961F8870043A1C2 /* JSONModelClassProperty.h */,
				FC12AB1E1961F8870043A1C2 /* JSONModelClassProperty.m */,
				FC12AB1F1961F8870043A1C2 /* JSONModelError.h */,
				FC12AB201961F8870043A1C2 /* JSONModelError.m */,
			);
			path = JSONModel;
			sourceTree = "<group>";
		};
		FC12AB211961F8870043A1C2 /* JSONModelCategories */ = {
			isa = PBXGroup;
			children = (
				FC12AB221961F8870043A1C2 /* NSArray+JSONModel.h */,
				FC12AB231961F8870043A1C2 /* NSArray+JSONModel.m */,
			);
			path = JSONModelCategories;
			sourceTree = "<group>";
		};
		FC12AB251961F8870043A1C2 /* JSONModelTransformations */ = {
			isa = PBXGroup;
			children = (
				FC12AB261961F8870043A1C2 /* JSONKeyMapper.h */,
				FC12AB271961F8870043A1C2 /* JSONKeyMapper.m */,
				FC12AB281961F8870043A1C2 /* JSONValueTransformer.h */,
				FC12AB291961F8870043A1C2 /* JSONValueTransformer.m */,
			);
			path = JSONModelTransformations;
			sourceTree = "<group>";
		};
		FC12AB3E1961F8EF0043A1C2 /* Login */ = {
			isa = PBXGroup;
			children = (
				FC33D658197EBB0E00AF402E /* Login.h */,
				FC33D659197EBB0E00AF402E /* Login.m */,
				FC55A6431964ADC500E25CE6 /* LoginResetParameters.h */,
				FC55A6441964ADC500E25CE6 /* LoginResetParameters.m */,
				FC55A6411964ADC500E25CE6 /* LoginChangePasswordParameters.h */,
				FC55A6421964ADC500E25CE6 /* LoginChangePasswordParameters.m */,
				FC43A477196DF38E00E16FC7 /* LoginResponseParameters.h */,
				FC43A478196DF38E00E16FC7 /* LoginResponseParameters.m */,
			);
			name = Login;
			sourceTree = "<group>";
		};
		FC2A6ABA196603B700B0AD28 /* Profile */ = {
			isa = PBXGroup;
			children = (
				FC2A6AC1196603D100B0AD28 /* Profile.h */,
				FC2A6AC2196603D100B0AD28 /* Profile.m */,
			);
			name = Profile;
			path = POJO/Profile;
			sourceTree = "<group>";
		};
		FC2A6AD2196615C200B0AD28 /* Branches */ = {
			isa = PBXGroup;
			children = (
				FC2A6AD3196615D600B0AD28 /* Branches.h */,
				FC2A6AD4196615D600B0AD28 /* Branches.m */,
			);
			name = Branches;
			path = POJO/Branches;
			sourceTree = "<group>";
		};
		FC2A6AD71966171400B0AD28 /* Parent */ = {
			isa = PBXGroup;
			children = (
				FC2A6AD81966171E00B0AD28 /* Parent.h */,
				FC2A6AD91966171E00B0AD28 /* Parent.m */,
			);
			name = Parent;
			path = POJO/Parent;
			sourceTree = "<group>";
		};
		FC2A6ADC19661B0500B0AD28 /* General */ = {
			isa = PBXGroup;
			children = (
				FC2A6ADD19661B1400B0AD28 /* General.h */,
				FC2A6ADE19661B1400B0AD28 /* General.m */,
			);
			name = General;
			path = POJO/General;
			sourceTree = "<group>";
		};
		FC2F7D9C195C884600A36603 /* Login */ = {
			isa = PBXGroup;
			children = (
				FCBCC6471970438400E52145 /* LoginResources.h */,
				FCBCC6481970438400E52145 /* LoginResources.m */,
			);
			name = Login;
			sourceTree = "<group>";
		};
		FC2F7D9D195C885600A36603 /* User */ = {
			isa = PBXGroup;
			children = (
				FC12AB431961F9830043A1C2 /* User.h */,
				FC12AB441961F9830043A1C2 /* User.m */,
				FC6656B3197EF0B800FE4C1B /* UserSearch.h */,
				FC6656B4197EF0B800FE4C1B /* UserSearch.m */,
				FC70944D197DE6E000C813E8 /* UserSearchParametersResponse.h */,
				FC70944E197DE6E000C813E8 /* UserSearchParametersResponse.m */,
				FC6656B6197EF12300FE4C1B /* UserService.h */,
				FC6656B7197EF12300FE4C1B /* UserService.m */,
				FC43A47B196E007E00E16FC7 /* UserGetParameters.h */,
				FC43A47C196E007E00E16FC7 /* UserGetParameters.m */,
				FC33D64F197EB64D00AF402E /* UserGetParametersResponse.h */,
				FC33D650197EB64D00AF402E /* UserGetParametersResponse.m */,
				FC33D652197EB70200AF402E /* UserUpdateParameters.h */,
				FC33D653197EB70200AF402E /* UserUpdateParameters.m */,
				FC33D655197EB75A00AF402E /* UserCreateParametersResponse.h */,
				FC33D656197EB75A00AF402E /* UserCreateParametersResponse.m */,
			);
			name = User;
			sourceTree = "<group>";
		};
		FC3EF759196AF569006F136A /* Fingerprint */ = {
			isa = PBXGroup;
			children = (
				FC3EF75A196AF57F006F136A /* FingerprintResources.h */,
				FC3EF75B196AF57F006F136A /* FingerprintResources.m */,
			);
			name = Fingerprint;
			path = UserServices/Fingerprint;
			sourceTree = "<group>";
		};
		FC3EF75E196B08BF006F136A /* File */ = {
			isa = PBXGroup;
			children = (
				FC3EF75F196B08CA006F136A /* UserFile.h */,
				FC3EF760196B08CA006F136A /* UserFile.m */,
			);
			name = File;
			path = UserServices/File;
			sourceTree = "<group>";
		};
		FC3EF763196B2B69006F136A /* Notifications */ = {
			isa = PBXGroup;
			children = (
				FC33D674197EEDC400AF402E /* Notification.h */,
				FC33D675197EEDC400AF402E /* Notification.m */,
				FC33D677197EEE4800AF402E /* NotificationParametersResponse.h */,
				FC33D678197EEE4800AF402E /* NotificationParametersResponse.m */,
			);
			name = Notifications;
			path = POJO/Notifications;
			sourceTree = "<group>";
		};
		FC3EF768196B2C5D006F136A /* Notifications */ = {
			isa = PBXGroup;
			children = (
				FC3EF769196B2C6C006F136A /* NotificationsResources.h */,
				FC3EF76A196B2C6C006F136A /* NotificationsResources.m */,
			);
			name = Notifications;
			path = UserServices/Notifications;
			sourceTree = "<group>";
		};
		FC3EF76E196B40CC006F136A /* Availability */ = {
			isa = PBXGroup;
			children = (
				FC3EF76F196B40E9006F136A /* AvailabilityResources.h */,
				FC3EF770196B40E9006F136A /* AvailabilityResources.m */,
			);
			name = Availability;
			path = UserServices/Availability;
			sourceTree = "<group>";
		};
		FC3EF773196B4CE3006F136A /* HoverBox */ = {
			isa = PBXGroup;
			children = (
				FC3EF774196B4CF4006F136A /* HoverBoxResources.h */,
				FC3EF775196B4CF4006F136A /* HoverBoxResources.m */,
			);
			name = HoverBox;
			path = UserServices/HoverBox;
			sourceTree = "<group>";
		};
		FC3EF778196B4D07006F136A /* HoverBox */ = {
			isa = PBXGroup;
			children = (
				FC33D671197EED2E00AF402E /* HoverBox.h */,
				FC33D672197EED2E00AF402E /* HoverBox.m */,
			);
			name = HoverBox;
			path = POJO/HoverBox;
			sourceTree = "<group>";
		};
		FC3EF77D196B62C7006F136A /* Catalogs */ = {
			isa = PBXGroup;
			children = (
				FC43A45B196DD89C00E16FC7 /* CatalogsResources.h */,
				FC43A45C196DD89C00E16FC7 /* CatalogsResources.m */,
			);
			name = Catalogs;
			path = UserServices/Catalogs;
			sourceTree = "<group>";
		};
		FC3EF77E196B62DB006F136A /* Catalogs */ = {
			isa = PBXGroup;
			children = (
				FC33D66E197EECC600AF402E /* Catalog.h */,
				FC33D66F197EECC600AF402E /* Catalog.m */,
			);
			name = Catalogs;
			path = POJO/Catalogs;
			sourceTree = "<group>";
		};
		FC43A45E196DDF5A00E16FC7 /* Groups */ = {
			isa = PBXGroup;
			children = (
				FC43A45F196DDF6E00E16FC7 /* GroupsResources.h */,
				FC43A460196DDF6E00E16FC7 /* GroupsResources.m */,
			);
			name = Groups;
			path = UserServices/Groups;
			sourceTree = "<group>";
		};
		FC43A463196DE28600E16FC7 /* Groups */ = {
			isa = PBXGroup;
			children = (
				FC33D66B197EEC8600AF402E /* Group.h */,
				FC33D66C197EEC8600AF402E /* Group.m */,
			);
			name = Groups;
			path = POJO/Groups;
			sourceTree = "<group>";
		};
		FC43A468196DE90000E16FC7 /* Profile */ = {
			isa = PBXGroup;
			children = (
				FC43A469196DE90F00E16FC7 /* ProfileResources.h */,
				FC43A46A196DE90F00E16FC7 /* ProfileResources.m */,
			);
			name = Profile;
			path = UserServices/Profile;
			sourceTree = "<group>";
		};
		FC43A46D196DEE0300E16FC7 /* MobileSend */ = {
			isa = PBXGroup;
			children = (
				FC33D665197EEB4700AF402E /* MobileSend.h */,
				FC33D666197EEB4700AF402E /* MobileSend.m */,
			);
			name = MobileSend;
			path = POJO/MobileSend;
			sourceTree = "<group>";
		};
		FC43A472196DF0FF00E16FC7 /* MobileSend */ = {
			isa = PBXGroup;
			children = (
				FC43A473196DF10C00E16FC7 /* MobileSendResources.h */,
				FC43A474196DF10C00E16FC7 /* MobileSendResources.m */,
			);
			name = MobileSend;
			path = UserServices/MobileSend;
			sourceTree = "<group>";
		};
		FC43A47F196E058700E16FC7 /* Phase */ = {
			isa = PBXGroup;
			children = (
				FC43A480196E059400E16FC7 /* PhaseEditedParameters.h */,
				FC43A481196E059400E16FC7 /* PhaseEditedParameters.m */,
			);
			name = Phase;
			path = POJO/Phase;
			sourceTree = "<group>";
		};
		FC484FA51989AB9A006445AD /* Retail */ = {
			isa = PBXGroup;
			children = (
				FC484FA61989ABAA006445AD /* RetailResource.h */,
				FC484FA71989ABAA006445AD /* RetailResource.m */,
			);
			name = Retail;
			path = UserServices/Retail;
			sourceTree = "<group>";
		};
		FC484FAA1989AE7E006445AD /* Retail */ = {
			isa = PBXGroup;
			children = (
				FC484FAB1989AEC1006445AD /* RetailParametersResponse.h */,
				FC484FAC1989AEC1006445AD /* RetailParametersResponse.m */,
			);
			name = Retail;
			path = POJO/Retail;
			sourceTree = "<group>";
		};
		FCA5C660195BA239004697BB = {
			isa = PBXGroup;
			children = (
				FCA5C66E195BA239004697BB /* SDK_API_REST */,
				FCA5C682195BA239004697BB /* SDK_API_RESTTests */,
				FCA5C66B195BA239004697BB /* Frameworks */,
				FCA5C66A195BA239004697BB /* Products */,
			);
			sourceTree = "<group>";
		};
		FCA5C66A195BA239004697BB /* Products */ = {
			isa = PBXGroup;
			children = (
				FCA5C669195BA239004697BB /* libSDK_API_REST.a */,
				FCA5C679195BA239004697BB /* SDK_API_RESTTests.xctest */,
			);
			name = Products;
			sourceTree = "<group>";
		};
		FCA5C66B195BA239004697BB /* Frameworks */ = {
			isa = PBXGroup;
			children = (
				FCA5C66C195BA239004697BB /* Foundation.framework */,
				FCA5C67A195BA239004697BB /* XCTest.framework */,
				FCA5C67D195BA239004697BB /* UIKit.framework */,
			);
			name = Frameworks;
			sourceTree = "<group>";
		};
		FCA5C66E195BA239004697BB /* SDK_API_REST */ = {
			isa = PBXGroup;
			children = (
				FCA5C695195BA266004697BB /* LIBRARY_EXTERN */,
				FCA5C694195BA256004697BB /* COMMON */,
				FCA5C693195BA24F004697BB /* POJO */,
				FCA5C692195BA245004697BB /* HTTP */,
				FC12AB0D1961CE320043A1C2 /* USER_SERVICES */,
				FCA5C66F195BA239004697BB /* Supporting Files */,
			);
			path = SDK_API_REST;
			sourceTree = "<group>";
		};
		FCA5C66F195BA239004697BB /* Supporting Files */ = {
			isa = PBXGroup;
			children = (
				FCA5C670195BA239004697BB /* SDK_API_REST-Prefix.pch */,
			);
			name = "Supporting Files";
			sourceTree = "<group>";
		};
		FCA5C682195BA239004697BB /* SDK_API_RESTTests */ = {
			isa = PBXGroup;
			children = (
				FCA5C688195BA239004697BB /* SDK_API_RESTTests.m */,
				FCA5C683195BA239004697BB /* Supporting Files */,
			);
			path = SDK_API_RESTTests;
			sourceTree = "<group>";
		};
		FCA5C683195BA239004697BB /* Supporting Files */ = {
			isa = PBXGroup;
			children = (
				FCA5C684195BA239004697BB /* SDK_API_RESTTests-Info.plist */,
				FCA5C685195BA239004697BB /* InfoPlist.strings */,
			);
			name = "Supporting Files";
			sourceTree = "<group>";
		};
		FCA5C692195BA245004697BB /* HTTP */ = {
			isa = PBXGroup;
			children = (
				FC12AB4F1961F9C70043A1C2 /* ClientDELETE.h */,
				FC12AB501961F9C70043A1C2 /* ClientDELETE.m */,
				FC12AB511961F9C70043A1C2 /* ClientGET.h */,
				FC12AB521961F9C70043A1C2 /* ClientGET.m */,
				FC12AB531961F9C70043A1C2 /* ClientPOST.h */,
				FC12AB541961F9C70043A1C2 /* ClientPOST.m */,
				FC12AB551961F9C70043A1C2 /* ClientPUT.h */,
				FC12AB561961F9C70043A1C2 /* ClientPUT.m */,
				FC12AB571961F9C70043A1C2 /* Response.h */,
				FC12AB581961F9C70043A1C2 /* Response.m */,
			);
			name = HTTP;
			sourceTree = "<group>";
		};
		FCA5C693195BA24F004697BB /* POJO */ = {
			isa = PBXGroup;
			children = (
				FC484FAA1989AE7E006445AD /* Retail */,
				FCC344BC196EE138003323DD /* File */,
				FC43A47F196E058700E16FC7 /* Phase */,
				FC43A46D196DEE0300E16FC7 /* MobileSend */,
				FCBCC6531970894000E52145 /* MobileRegister */,
				FC43A463196DE28600E16FC7 /* Groups */,
				FC3EF77E196B62DB006F136A /* Catalogs */,
				FC3EF778196B4D07006F136A /* HoverBox */,
				FC3EF763196B2B69006F136A /* Notifications */,
				FCCF7D4B1967788E00D933E9 /* NFC */,
				FCCF7D38196766E500D933E9 /* PhoneExtension */,
				FCCF7D3219675FE000D933E9 /* Merge */,
				FC2A6ADC19661B0500B0AD28 /* General */,
				FC2A6AD71966171400B0AD28 /* Parent */,
				FC2A6AD2196615C200B0AD28 /* Branches */,
				FC2A6ABA196603B700B0AD28 /* Profile */,
				FC12AB3E1961F8EF0043A1C2 /* Login */,
				FC2F7D9D195C885600A36603 /* User */,
			);
			name = POJO;
			sourceTree = "<group>";
		};
		FCA5C694195BA256004697BB /* COMMON */ = {
			isa = PBXGroup;
			children = (
				FC12AB3A1961F8B10043A1C2 /* SharedData.h */,
				FC12AB3B1961F8B10043A1C2 /* SharedData.m */,
			);
			name = COMMON;
			sourceTree = "<group>";
		};
		FCA5C695195BA266004697BB /* LIBRARY_EXTERN */ = {
			isa = PBXGroup;
			children = (
				FC12AB151961F8870043A1C2 /* JSONModel */,
			);
			name = LIBRARY_EXTERN;
			sourceTree = "<group>";
		};
		FCBCC6531970894000E52145 /* MobileRegister */ = {
			isa = PBXGroup;
			children = (
				FC33D668197EEC1F00AF402E /* MobileRegister.h */,
				FC33D669197EEC1F00AF402E /* MobileRegister.m */,
			);
			name = MobileRegister;
			path = POJO/MobileRegister;
			sourceTree = "<group>";
		};
		FCBCC65819708B5700E52145 /* MobileRegister */ = {
			isa = PBXGroup;
			children = (
				FCBCC65919708B6900E52145 /* MobileRegisterResources.h */,
				FCBCC65A19708B6900E52145 /* MobileRegisterResources.m */,
			);
			name = MobileRegister;
			path = UserServices/MobileRegister;
			sourceTree = "<group>";
		};
		FCC344BC196EE138003323DD /* File */ = {
			isa = PBXGroup;
			children = (
				FC33D662197EEAEE00AF402E /* File.h */,
				FC33D663197EEAEE00AF402E /* File.m */,
			);
			name = File;
			path = POJO/File;
			sourceTree = "<group>";
		};
		FCCF7D2D19675FA200D933E9 /* Merge */ = {
			isa = PBXGroup;
			children = (
				FCCF7D2E19675FC900D933E9 /* UserMergeResources.h */,
				FCCF7D2F19675FC900D933E9 /* UserMergeResources.m */,
			);
			name = Merge;
			path = UserServices/Merge;
			sourceTree = "<group>";
		};
		FCCF7D3219675FE000D933E9 /* Merge */ = {
			isa = PBXGroup;
			children = (
				FC6656AD197EF01A00FE4C1B /* Merge.h */,
				FC6656AE197EF01A00FE4C1B /* Merge.m */,
				FC6656B0197EF04D00FE4C1B /* MergeParametersResponse.h */,
				FC6656B1197EF04D00FE4C1B /* MergeParametersResponse.m */,
			);
			name = Merge;
			path = POJO/Merge;
			sourceTree = "<group>";
		};
		FCCF7D37196766D000D933E9 /* PhoneExtension */ = {
			isa = PBXGroup;
			children = (
				FCCF7D3D196767FB00D933E9 /* UserPhoneExtensionResources.h */,
				FCCF7D3E196767FB00D933E9 /* UserPhoneExtensionResources.m */,
			);
			name = PhoneExtension;
			path = UserServices/PhoneExtension;
			sourceTree = "<group>";
		};
		FCCF7D38196766E500D933E9 /* PhoneExtension */ = {
			isa = PBXGroup;
			children = (
				FC33D67D197EEECD00AF402E /* PhoneExtension.h */,
				FC33D67E197EEECD00AF402E /* PhoneExtension.m */,
			);
			name = PhoneExtension;
			path = POJO/PhoneExtension;
			sourceTree = "<group>";
		};
		FCCF7D4119676CAA00D933E9 /* UserColor */ = {
			isa = PBXGroup;
			children = (
				FCCF7D4219676CB600D933E9 /* UserColorResource.h */,
				FCCF7D4319676CB600D933E9 /* UserColorResource.m */,
			);
			name = UserColor;
			path = UserServices/UserColor;
			sourceTree = "<group>";
		};
		FCCF7D4619676EC900D933E9 /* Tags */ = {
			isa = PBXGroup;
			children = (
				FCCF7D4719676EDA00D933E9 /* UserTagsResource.h */,
				FCCF7D4819676EDA00D933E9 /* UserTagsResource.m */,
			);
			name = Tags;
			path = UserServices/Tags;
			sourceTree = "<group>";
		};
		FCCF7D4B1967788E00D933E9 /* NFC */ = {
			isa = PBXGroup;
			children = (
				FC33D67A197EEE9800AF402E /* NFC.h */,
				FC33D67B197EEE9800AF402E /* NFC.m */,
			);
			name = NFC;
			path = POJO/NFC;
			sourceTree = "<group>";
		};
		FCCF7D501967794B00D933E9 /* NFC */ = {
			isa = PBXGroup;
			children = (
				FCCF7D511967795900D933E9 /* NFCResources.h */,
				FCCF7D521967795900D933E9 /* NFCResources.m */,
			);
			name = NFC;
			path = UserServices/NFC;
			sourceTree = "<group>";
		};
/* End PBXGroup section */

/* Begin PBXNativeTarget section */
		FCA5C668195BA239004697BB /* SDK_API_REST */ = {
			isa = PBXNativeTarget;
			buildConfigurationList = FCA5C68C195BA239004697BB /* Build configuration list for PBXNativeTarget "SDK_API_REST" */;
			buildPhases = (
				FCA5C665195BA239004697BB /* Sources */,
				FCA5C666195BA239004697BB /* Frameworks */,
				FCA5C667195BA239004697BB /* CopyFiles */,
			);
			buildRules = (
			);
			dependencies = (
			);
			name = SDK_API_REST;
			productName = SDK_API_REST;
			productReference = FCA5C669195BA239004697BB /* libSDK_API_REST.a */;
			productType = "com.apple.product-type.library.static";
		};
		FCA5C678195BA239004697BB /* SDK_API_RESTTests */ = {
			isa = PBXNativeTarget;
			buildConfigurationList = FCA5C68F195BA239004697BB /* Build configuration list for PBXNativeTarget "SDK_API_RESTTests" */;
			buildPhases = (
				FCA5C675195BA239004697BB /* Sources */,
				FCA5C676195BA239004697BB /* Frameworks */,
				FCA5C677195BA239004697BB /* Resources */,
			);
			buildRules = (
			);
			dependencies = (
				FCA5C680195BA239004697BB /* PBXTargetDependency */,
			);
			name = SDK_API_RESTTests;
			productName = SDK_API_RESTTests;
			productReference = FCA5C679195BA239004697BB /* SDK_API_RESTTests.xctest */;
			productType = "com.apple.product-type.bundle.unit-test";
		};
/* End PBXNativeTarget section */

/* Begin PBXProject section */
		FCA5C661195BA239004697BB /* Project object */ = {
			isa = PBXProject;
			attributes = {
				LastUpgradeCheck = 0510;
				ORGANIZATIONNAME = "Hova Networks";
			};
			buildConfigurationList = FCA5C664195BA239004697BB /* Build configuration list for PBXProject "SDK_API_REST" */;
			compatibilityVersion = "Xcode 3.2";
			developmentRegion = English;
			hasScannedForEncodings = 0;
			knownRegions = (
				en,
			);
			mainGroup = FCA5C660195BA239004697BB;
			productRefGroup = FCA5C66A195BA239004697BB /* Products */;
			projectDirPath = "";
			projectRoot = "";
			targets = (
				FCA5C668195BA239004697BB /* SDK_API_REST */,
				FCA5C678195BA239004697BB /* SDK_API_RESTTests */,
				FCA5C6CE195BAA21004697BB /* SDKTarget */,
			);
		};
/* End PBXProject section */

/* Begin PBXResourcesBuildPhase section */
		FCA5C677195BA239004697BB /* Resources */ = {
			isa = PBXResourcesBuildPhase;
			buildActionMask = 2147483647;
			files = (
				FCA5C687195BA239004697BB /* InfoPlist.strings in Resources */,
			);
			runOnlyForDeploymentPostprocessing = 0;
		};
/* End PBXResourcesBuildPhase section */

/* Begin PBXShellScriptBuildPhase section */
		FCA5C6D2195BAA27004697BB /* ShellScript */ = {
			isa = PBXShellScriptBuildPhase;
			buildActionMask = 2147483647;
			files = (
			);
			inputPaths = (
			);
			outputPaths = (
			);
			runOnlyForDeploymentPostprocessing = 0;
			shellPath = /bin/sh;
			shellScript = "# Define salida variable de entorno carpeta\nUNIVERSAL_OUTPUTFOLDER=${BUILD_DIR}/${CONFIGURATION}-universal\n\n# Paso 1.  Construir versiones de dispositivos y Simulador\nxcodebuild -target SDK_API_REST ONLY_ACTIVE_ARCH=NO -configuration ${CONFIGURATION} -sdk iphoneos  BUILD_DIR=\"${BUILD_DIR}\" BUILD_ROOT=\"${BUILD_ROOT}\"\nxcodebuild -target SDK_API_REST -configuration ${CONFIGURATION} -sdk iphonesimulator -arch i386 BUILD_DIR=\"${BUILD_DIR}\" BUILD_ROOT=\"${BUILD_ROOT}\"\n\n# Asegúrese de que existe el directorio de salida\nmkdir -p \"${UNIVERSAL_OUTPUTFOLDER}\"\n\n# Paso 2.  Crear archivo binario universal, usando lipo\nlipo -create -output \"${UNIVERSAL_OUTPUTFOLDER}/lib${PROJECT_NAME}.a\" \"${BUILD_DIR}/${CONFIGURATION}-iphoneos/lib${PROJECT_NAME}.a\" \"${BUILD_DIR}/${CONFIGURATION}-iphonesimulator/lib${PROJECT_NAME}.a\"\n\n# Por Ultimo.  copiar los archivos de cabecera.  Sólo por conveniencia\ncp -R \"${BUILD_DIR}/${CONFIGURATION}-iphoneos/include\" \"${UNIVERSAL_OUTPUTFOLDER}/\"";
		};
/* End PBXShellScriptBuildPhase section */

/* Begin PBXSourcesBuildPhase section */
		FCA5C665195BA239004697BB /* Sources */ = {
			isa = PBXSourcesBuildPhase;
			buildActionMask = 2147483647;
			files = (
				FC12AB6D1961FA460043A1C2 /* UserResource.m in Sources */,
				FC33D65A197EBB0E00AF402E /* Login.m in Sources */,
				FC33D667197EEB4700AF402E /* MobileSend.m in Sources */,
				FC12AB6F1961FA460043A1C2 /* UserResourceSearch.m in Sources */,
				FC33D673197EED2E00AF402E /* HoverBox.m in Sources */,
				FC484FA81989ABAA006445AD /* RetailResource.m in Sources */,
				FCCF7D4919676EDA00D933E9 /* UserTagsResource.m in Sources */,
				FC2A6ADA1966171E00B0AD28 /* Parent.m in Sources */,
				FC33D67C197EEE9800AF402E /* NFC.m in Sources */,
				FC33D66D197EEC8600AF402E /* Group.m in Sources */,
				FC33D654197EB70200AF402E /* UserUpdateParameters.m in Sources */,
				FC43A46B196DE90F00E16FC7 /* ProfileResources.m in Sources */,
				FC12AB491961F9830043A1C2 /* User.m in Sources */,
				FC12AB711961FA460043A1C2 /* UserResourceServices.m in Sources */,
				FC12AB321961F8870043A1C2 /* JSONModelError.m in Sources */,
				FC33D657197EB75A00AF402E /* UserCreateParametersResponse.m in Sources */,
				FC6656B8197EF12300FE4C1B /* UserService.m in Sources */,
				FC55A6471964ADC500E25CE6 /* LoginChangePasswordParameters.m in Sources */,
				FC12AB2C1961F8870043A1C2 /* JSONModel.m in Sources */,
				FC70944F197DE6E000C813E8 /* UserSearchParametersResponse.m in Sources */,
				FC12AB3C1961F8B10043A1C2 /* SharedData.m in Sources */,
				FC43A45D196DD89C00E16FC7 /* CatalogsResources.m in Sources */,
				FC3EF771196B40E9006F136A /* AvailabilityResources.m in Sources */,
				FC12AB2A1961F8870043A1C2 /* JSONModel+CoreData.m in Sources */,
				FC33D651197EB64D00AF402E /* UserGetParametersResponse.m in Sources */,
				FC43A482196E059400E16FC7 /* PhaseEditedParameters.m in Sources */,
				FC12AB2E1961F8870043A1C2 /* JSONModelArray.m in Sources */,
				FC33D664197EEAEE00AF402E /* File.m in Sources */,
				FC3EF75C196AF57F006F136A /* FingerprintResources.m in Sources */,
				FCCF7D531967795900D933E9 /* NFCResources.m in Sources */,
				FC43A461196DDF6E00E16FC7 /* GroupsResources.m in Sources */,
				FC12AB301961F8870043A1C2 /* JSONModelClassProperty.m in Sources */,
				FC12AB341961F8870043A1C2 /* NSArray+JSONModel.m in Sources */,
				FC6656B2197EF04D00FE4C1B /* MergeParametersResponse.m in Sources */,
				FC12AB611961F9C70043A1C2 /* Response.m in Sources */,
				FC3EF761196B08CA006F136A /* UserFile.m in Sources */,
				FC43A479196DF38E00E16FC7 /* LoginResponseParameters.m in Sources */,
				FC3EF76B196B2C6C006F136A /* NotificationsResources.m in Sources */,
				FCCF7D3019675FC900D933E9 /* UserMergeResources.m in Sources */,
				FC2A6ADF19661B1400B0AD28 /* General.m in Sources */,
				FC2A6AC3196603D100B0AD28 /* Profile.m in Sources */,
				FC12AB381961F8870043A1C2 /* JSONValueTransformer.m in Sources */,
				FC12AB5F1961F9C70043A1C2 /* ClientPUT.m in Sources */,
				FC33D679197EEE4800AF402E /* NotificationParametersResponse.m in Sources */,
				FC33D66A197EEC1F00AF402E /* MobileRegister.m in Sources */,
				FC2A6AD5196615D600B0AD28 /* Branches.m in Sources */,
				FC3EF776196B4CF4006F136A /* HoverBoxResources.m in Sources */,
				FC12AB5B1961F9C70043A1C2 /* ClientGET.m in Sources */,
				FC6656AF197EF01A00FE4C1B /* Merge.m in Sources */,
				FC43A475196DF10C00E16FC7 /* MobileSendResources.m in Sources */,
				FCBCC65B19708B6900E52145 /* MobileRegisterResources.m in Sources */,
				FC43A47D196E007E00E16FC7 /* UserGetParameters.m in Sources */,
				FC6656B5197EF0B800FE4C1B /* UserSearch.m in Sources */,
				FCCF7D3F196767FB00D933E9 /* UserPhoneExtensionResources.m in Sources */,
				FC12AB361961F8870043A1C2 /* JSONKeyMapper.m in Sources */,
				FC33D67F197EEECD00AF402E /* PhoneExtension.m in Sources */,
				FCBCC6491970438400E52145 /* LoginResources.m in Sources */,
				FC484FAD1989AEC1006445AD /* RetailParametersResponse.m in Sources */,
				FC12AB5D1961F9C70043A1C2 /* ClientPOST.m in Sources */,
				FC33D676197EEDC400AF402E /* Notification.m in Sources */,
				FCCF7D4419676CB600D933E9 /* UserColorResource.m in Sources */,
				FC33D670197EECC600AF402E /* Catalog.m in Sources */,
				FC55A6491964ADC500E25CE6 /* LoginResetParameters.m in Sources */,
				FC12AB591961F9C70043A1C2 /* ClientDELETE.m in Sources */,
			);
			runOnlyForDeploymentPostprocessing = 0;
		};
		FCA5C675195BA239004697BB /* Sources */ = {
			isa = PBXSourcesBuildPhase;
			buildActionMask = 2147483647;
			files = (
				FC55A6481964ADC500E25CE6 /* LoginChangePasswordParameters.m in Sources */,
				FC12AB3D1961F8B10043A1C2 /* SharedData.m in Sources */,
				FC12AB331961F8870043A1C2 /* JSONModelError.m in Sources */,
				FCCF7D4A19676EDA00D933E9 /* UserTagsResource.m in Sources */,
				FC2A6ADB1966171E00B0AD28 /* Parent.m in Sources */,
				FC12AB351961F8870043A1C2 /* NSArray+JSONModel.m in Sources */,
				FC12AB5A1961F9C70043A1C2 /* ClientDELETE.m in Sources */,
				FC12AB5C1961F9C70043A1C2 /* ClientGET.m in Sources */,
				FC55A64A1964ADC500E25CE6 /* LoginResetParameters.m in Sources */,
				FC12AB391961F8870043A1C2 /* JSONValueTransformer.m in Sources */,
				FC43A476196DF10C00E16FC7 /* MobileSendResources.m in Sources */,
				FC3EF772196B40E9006F136A /* AvailabilityResources.m in Sources */,
				FC12AB371961F8870043A1C2 /* JSONKeyMapper.m in Sources */,
				FC484FAE1989AEC1006445AD /* RetailParametersResponse.m in Sources */,
				FC12AB601961F9C70043A1C2 /* ClientPUT.m in Sources */,
				FC3EF75D196AF57F006F136A /* FingerprintResources.m in Sources */,
				FC43A462196DDF6E00E16FC7 /* GroupsResources.m in Sources */,
				FCCF7D541967795900D933E9 /* NFCResources.m in Sources */,
				FC12AB2D1961F8870043A1C2 /* JSONModel.m in Sources */,
				FC484FA91989ABAA006445AD /* RetailResource.m in Sources */,
				FC12AB5E1961F9C70043A1C2 /* ClientPOST.m in Sources */,
				FC12AB621961F9C70043A1C2 /* Response.m in Sources */,
				FC43A46C196DE90F00E16FC7 /* ProfileResources.m in Sources */,
				FC3EF762196B08CA006F136A /* UserFile.m in Sources */,
				FC43A47A196DF38E00E16FC7 /* LoginResponseParameters.m in Sources */,
				FC3EF76C196B2C6C006F136A /* NotificationsResources.m in Sources */,
				FCCF7D3119675FC900D933E9 /* UserMergeResources.m in Sources */,
				FC12AB2F1961F8870043A1C2 /* JSONModelArray.m in Sources */,
				FC43A483196E059400E16FC7 /* PhaseEditedParameters.m in Sources */,
				FCBCC65C19708B6900E52145 /* MobileRegisterResources.m in Sources */,
				FC2A6AE019661B1400B0AD28 /* General.m in Sources */,
				FC2A6AC4196603D100B0AD28 /* Profile.m in Sources */,
				FC12AB4A1961F9830043A1C2 /* User.m in Sources */,
				FC2A6AD6196615D600B0AD28 /* Branches.m in Sources */,
				FC3EF777196B4CF4006F136A /* HoverBoxResources.m in Sources */,
				FC12AB311961F8870043A1C2 /* JSONModelClassProperty.m in Sources */,
				FCCF7D40196767FB00D933E9 /* UserPhoneExtensionResources.m in Sources */,
				FC12AB6E1961FA460043A1C2 /* UserResource.m in Sources */,
				FC12AB2B1961F8870043A1C2 /* JSONModel+CoreData.m in Sources */,
				FCCF7D4519676CB600D933E9 /* UserColorResource.m in Sources */,
				FC12AB721961FA460043A1C2 /* UserResourceServices.m in Sources */,
				FC43A47E196E007E00E16FC7 /* UserGetParameters.m in Sources */,
				FC12AB701961FA460043A1C2 /* UserResourceSearch.m in Sources */,
				FCA5C689195BA239004697BB /* SDK_API_RESTTests.m in Sources */,
			);
			runOnlyForDeploymentPostprocessing = 0;
		};
/* End PBXSourcesBuildPhase section */

/* Begin PBXTargetDependency section */
		FCA5C680195BA239004697BB /* PBXTargetDependency */ = {
			isa = PBXTargetDependency;
			target = FCA5C668195BA239004697BB /* SDK_API_REST */;
			targetProxy = FCA5C67F195BA239004697BB /* PBXContainerItemProxy */;
		};
/* End PBXTargetDependency section */

/* Begin PBXVariantGroup section */
		FCA5C685195BA239004697BB /* InfoPlist.strings */ = {
			isa = PBXVariantGroup;
			children = (
				FCA5C686195BA239004697BB /* en */,
			);
			name = InfoPlist.strings;
			sourceTree = "<group>";
		};
/* End PBXVariantGroup section */

/* Begin XCBuildConfiguration section */
		FCA5C68A195BA239004697BB /* Debug */ = {
			isa = XCBuildConfiguration;
			buildSettings = {
				ALWAYS_SEARCH_USER_PATHS = NO;
				CLANG_CXX_LANGUAGE_STANDARD = "gnu++0x";
				CLANG_CXX_LIBRARY = "libc++";
				CLANG_ENABLE_MODULES = YES;
				CLANG_ENABLE_OBJC_ARC = YES;
				CLANG_WARN_BOOL_CONVERSION = YES;
				CLANG_WARN_CONSTANT_CONVERSION = YES;
				CLANG_WARN_DIRECT_OBJC_ISA_USAGE = YES_ERROR;
				CLANG_WARN_EMPTY_BODY = YES;
				CLANG_WARN_ENUM_CONVERSION = YES;
				CLANG_WARN_INT_CONVERSION = YES;
				CLANG_WARN_OBJC_ROOT_CLASS = YES_ERROR;
				CLANG_WARN__DUPLICATE_METHOD_MATCH = YES;
				COPY_PHASE_STRIP = NO;
				GCC_C_LANGUAGE_STANDARD = gnu99;
				GCC_DYNAMIC_NO_PIC = NO;
				GCC_OPTIMIZATION_LEVEL = 0;
				GCC_PREPROCESSOR_DEFINITIONS = (
					"DEBUG=1",
					"$(inherited)",
				);
				GCC_SYMBOLS_PRIVATE_EXTERN = NO;
				GCC_WARN_64_TO_32_BIT_CONVERSION = YES;
				GCC_WARN_ABOUT_RETURN_TYPE = YES_ERROR;
				GCC_WARN_UNDECLARED_SELECTOR = YES;
				GCC_WARN_UNINITIALIZED_AUTOS = YES_AGGRESSIVE;
				GCC_WARN_UNUSED_FUNCTION = YES;
				GCC_WARN_UNUSED_VARIABLE = YES;
				IPHONEOS_DEPLOYMENT_TARGET = 7.1;
				ONLY_ACTIVE_ARCH = YES;
				SDKROOT = iphoneos;
			};
			name = Debug;
		};
		FCA5C68B195BA239004697BB /* Release */ = {
			isa = XCBuildConfiguration;
			buildSettings = {
				ALWAYS_SEARCH_USER_PATHS = NO;
				CLANG_CXX_LANGUAGE_STANDARD = "gnu++0x";
				CLANG_CXX_LIBRARY = "libc++";
				CLANG_ENABLE_MODULES = YES;
				CLANG_ENABLE_OBJC_ARC = YES;
				CLANG_WARN_BOOL_CONVERSION = YES;
				CLANG_WARN_CONSTANT_CONVERSION = YES;
				CLANG_WARN_DIRECT_OBJC_ISA_USAGE = YES_ERROR;
				CLANG_WARN_EMPTY_BODY = YES;
				CLANG_WARN_ENUM_CONVERSION = YES;
				CLANG_WARN_INT_CONVERSION = YES;
				CLANG_WARN_OBJC_ROOT_CLASS = YES_ERROR;
				CLANG_WARN__DUPLICATE_METHOD_MATCH = YES;
				COPY_PHASE_STRIP = YES;
				ENABLE_NS_ASSERTIONS = NO;
				GCC_C_LANGUAGE_STANDARD = gnu99;
				GCC_WARN_64_TO_32_BIT_CONVERSION = YES;
				GCC_WARN_ABOUT_RETURN_TYPE = YES_ERROR;
				GCC_WARN_UNDECLARED_SELECTOR = YES;
				GCC_WARN_UNINITIALIZED_AUTOS = YES_AGGRESSIVE;
				GCC_WARN_UNUSED_FUNCTION = YES;
				GCC_WARN_UNUSED_VARIABLE = YES;
				IPHONEOS_DEPLOYMENT_TARGET = 7.1;
				SDKROOT = iphoneos;
				VALIDATE_PRODUCT = YES;
			};
			name = Release;
		};
		FCA5C68D195BA239004697BB /* Debug */ = {
			isa = XCBuildConfiguration;
			buildSettings = {
				DSTROOT = /tmp/SDK_API_REST.dst;
				GCC_PRECOMPILE_PREFIX_HEADER = YES;
				GCC_PREFIX_HEADER = "SDK_API_REST/SDK_API_REST-Prefix.pch";
				OTHER_LDFLAGS = "-ObjC";
				PRODUCT_NAME = "$(TARGET_NAME)";
				SKIP_INSTALL = YES;
			};
			name = Debug;
		};
		FCA5C68E195BA239004697BB /* Release */ = {
			isa = XCBuildConfiguration;
			buildSettings = {
				DSTROOT = /tmp/SDK_API_REST.dst;
				GCC_PRECOMPILE_PREFIX_HEADER = YES;
				GCC_PREFIX_HEADER = "SDK_API_REST/SDK_API_REST-Prefix.pch";
				OTHER_LDFLAGS = "-ObjC";
				PRODUCT_NAME = "$(TARGET_NAME)";
				SKIP_INSTALL = YES;
			};
			name = Release;
		};
		FCA5C690195BA239004697BB /* Debug */ = {
			isa = XCBuildConfiguration;
			buildSettings = {
				FRAMEWORK_SEARCH_PATHS = (
					"$(SDKROOT)/Developer/Library/Frameworks",
					"$(inherited)",
					"$(DEVELOPER_FRAMEWORKS_DIR)",
				);
				GCC_PRECOMPILE_PREFIX_HEADER = YES;
				GCC_PREFIX_HEADER = "SDK_API_REST/SDK_API_REST-Prefix.pch";
				GCC_PREPROCESSOR_DEFINITIONS = (
					"DEBUG=1",
					"$(inherited)",
				);
				INFOPLIST_FILE = "SDK_API_RESTTests/SDK_API_RESTTests-Info.plist";
				PRODUCT_NAME = "$(TARGET_NAME)";
				WRAPPER_EXTENSION = xctest;
			};
			name = Debug;
		};
		FCA5C691195BA239004697BB /* Release */ = {
			isa = XCBuildConfiguration;
			buildSettings = {
				FRAMEWORK_SEARCH_PATHS = (
					"$(SDKROOT)/Developer/Library/Frameworks",
					"$(inherited)",
					"$(DEVELOPER_FRAMEWORKS_DIR)",
				);
				GCC_PRECOMPILE_PREFIX_HEADER = YES;
				GCC_PREFIX_HEADER = "SDK_API_REST/SDK_API_REST-Prefix.pch";
				INFOPLIST_FILE = "SDK_API_RESTTests/SDK_API_RESTTests-Info.plist";
				PRODUCT_NAME = "$(TARGET_NAME)";
				WRAPPER_EXTENSION = xctest;
			};
			name = Release;
		};
		FCA5C6D0195BAA21004697BB /* Debug */ = {
			isa = XCBuildConfiguration;
			buildSettings = {
				PRODUCT_NAME = "$(TARGET_NAME)";
			};
			name = Debug;
		};
		FCA5C6D1195BAA21004697BB /* Release */ = {
			isa = XCBuildConfiguration;
			buildSettings = {
				PRODUCT_NAME = "$(TARGET_NAME)";
			};
			name = Release;
		};
/* End XCBuildConfiguration section */

/* Begin XCConfigurationList section */
		FCA5C664195BA239004697BB /* Build configuration list for PBXProject "SDK_API_REST" */ = {
			isa = XCConfigurationList;
			buildConfigurations = (
				FCA5C68A195BA239004697BB /* Debug */,
				FCA5C68B195BA239004697BB /* Release */,
			);
			defaultConfigurationIsVisible = 0;
			defaultConfigurationName = Release;
		};
		FCA5C68C195BA239004697BB /* Build configuration list for PBXNativeTarget "SDK_API_REST" */ = {
			isa = XCConfigurationList;
			buildConfigurations = (
				FCA5C68D195BA239004697BB /* Debug */,
				FCA5C68E195BA239004697BB /* Release */,
			);
			defaultConfigurationIsVisible = 0;
			defaultConfigurationName = Release;
		};
		FCA5C68F195BA239004697BB /* Build configuration list for PBXNativeTarget "SDK_API_RESTTests" */ = {
			isa = XCConfigurationList;
			buildConfigurations = (
				FCA5C690195BA239004697BB /* Debug */,
				FCA5C691195BA239004697BB /* Release */,
			);
			defaultConfigurationIsVisible = 0;
			defaultConfigurationName = Release;
		};
		FCA5C6CF195BAA21004697BB /* Build configuration list for PBXAggregateTarget "SDKTarget" */ = {
			isa = XCConfigurationList;
			buildConfigurations = (
				FCA5C6D0195BAA21004697BB /* Debug */,
				FCA5C6D1195BAA21004697BB /* Release */,
			);
			defaultConfigurationIsVisible = 0;
			defaultConfigurationName = Release;
		};
/* End XCConfigurationList section */
	};
	rootObject = FCA5C661195BA239004697BB /* Project object */;
}
